
Microsoft Visual Studio Solution File, Format Version 12.00
# Visual Studio 15
VisualStudioVersion = 15.0.28010.2046
MinimumVisualStudioVersion = 10.0.40219.1
Project("{FAE04EC0-301F-11D3-BF4B-00C04F79EFBC}") = "Ejercicio2.Android", "Ejercicio2\Ejercicio2.Android\Ejercicio2.Android.csproj", "{DCE1C31F-3E86-4A25-8D72-DFF580DC16EF}"
EndProject
Project("{FAE04EC0-301F-11D3-BF4B-00C04F79EFBC}") = "Ejercicio2.iOS", "Ejercicio2\Ejercicio2.iOS\Ejercicio2.iOS.csproj", "{2E73ECB4-1967-4E56-964E-6C6D4C763141}"
EndProject
Project("{FAE04EC0-301F-11D3-BF4B-00C04F79EFBC}") = "Ejercicio2.UWP", "Ejercicio2\Ejercicio2.UWP\Ejercicio2.UWP.csproj", "{A81E1440-B404-461A-ACFA-C6B54210B98C}"
EndProject
Project("{FAE04EC0-301F-11D3-BF4B-00C04F79EFBC}") = "Ejercicio2", "Ejercicio2\Ejercicio2\Ejercicio2.csproj", "{78AF0C52-87D4-4597-9F16-1A7FC365F3A6}"
EndProject
Global
	GlobalSection(SolutionConfigurationPlatforms) = preSolution
		Ad-Hoc|Any CPU = Ad-Hoc|Any CPU
		Ad-Hoc|ARM = Ad-Hoc|ARM
		Ad-Hoc|iPhone = Ad-Hoc|iPhone
		Ad-Hoc|iPhoneSimulator = Ad-Hoc|iPhoneSimulator
		Ad-Hoc|x64 = Ad-Hoc|x64
		Ad-Hoc|x86 = Ad-Hoc|x86
		AppStore|Any CPU = AppStore|Any CPU
		AppStore|ARM = AppStore|ARM
		AppStore|iPhone = AppStore|iPhone
		AppStore|iPhoneSimulator = AppStore|iPhoneSimulator
		AppStore|x64 = AppStore|x64
		AppStore|x86 = AppStore|x86
		Debug|Any CPU = Debug|Any CPU
		Debug|ARM = Debug|ARM
		Debug|iPhone = Debug|iPhone
		Debug|iPhoneSimulator = Debug|iPhoneSimulator
		Debug|x64 = Debug|x64
		Debug|x86 = Debug|x86
		Release|Any CPU = Release|Any CPU
		Release|ARM = Release|ARM
		Release|iPhone = Release|iPhone
		Release|iPhoneSimulator = Release|iPhoneSimulator
		Release|x64 = Release|x64
		Release|x86 = Release|x86
	EndGlobalSection
	GlobalSection(ProjectConfigurationPlatforms) = postSolution
		{DCE1C31F-3E86-4A25-8D72-DFF580DC16EF}.Ad-Hoc|Any CPU.ActiveCfg = Release|Any CPU
		{DCE1C31F-3E86-4A25-8D72-DFF580DC16EF}.Ad-Hoc|Any CPU.Build.0 = Release|Any CPU
		{DCE1C31F-3E86-4A25-8D72-DFF580DC16EF}.Ad-Hoc|Any CPU.Deploy.0 = Release|Any CPU
		{DCE1C31F-3E86-4A25-8D72-DFF580DC16EF}.Ad-Hoc|ARM.ActiveCfg = Release|Any CPU
		{DCE1C31F-3E86-4A25-8D72-DFF580DC16EF}.Ad-Hoc|ARM.Build.0 = Release|Any CPU
		{DCE1C31F-3E86-4A25-8D72-DFF580DC16EF}.Ad-Hoc|ARM.Deploy.0 = Release|Any CPU
		{DCE1C31F-3E86-4A25-8D72-DFF580DC16EF}.Ad-Hoc|iPhone.ActiveCfg = Release|Any CPU
		{DCE1C31F-3E86-4A25-8D72-DFF580DC16EF}.Ad-Hoc|iPhone.Build.0 = Release|Any CPU
		{DCE1C31F-3E86-4A25-8D72-DFF580DC16EF}.Ad-Hoc|iPhone.Deploy.0 = Release|Any CPU
		{DCE1C31F-3E86-4A25-8D72-DFF580DC16EF}.Ad-Hoc|iPhoneSimulator.ActiveCfg = Release|Any CPU
		{DCE1C31F-3E86-4A25-8D72-DFF580DC16EF}.Ad-Hoc|iPhoneSimulator.Build.0 = Release|Any CPU
		{DCE1C31F-3E86-4A25-8D72-DFF580DC16EF}.Ad-Hoc|iPhoneSimulator.Deploy.0 = Release|Any CPU
		{DCE1C31F-3E86-4A25-8D72-DFF580DC16EF}.Ad-Hoc|x64.ActiveCfg = Release|Any CPU
		{DCE1C31F-3E86-4A25-8D72-DFF580DC16EF}.Ad-Hoc|x64.Build.0 = Release|Any CPU
		{DCE1C31F-3E86-4A25-8D72-DFF580DC16EF}.Ad-Hoc|x64.Deploy.0 = Release|Any CPU
		{DCE1C31F-3E86-4A25-8D72-DFF580DC16EF}.Ad-Hoc|x86.ActiveCfg = Release|Any CPU
		{DCE1C31F-3E86-4A25-8D72-DFF580DC16EF}.Ad-Hoc|x86.Build.0 = Release|Any CPU
		{DCE1C31F-3E86-4A25-8D72-DFF580DC16EF}.Ad-Hoc|x86.Deploy.0 = Release|Any CPU
		{DCE1C31F-3E86-4A25-8D72-DFF580DC16EF}.AppStore|Any CPU.ActiveCfg = Release|Any CPU
		{DCE1C31F-3E86-4A25-8D72-DFF580DC16EF}.AppStore|Any CPU.Build.0 = Release|Any CPU
		{DCE1C31F-3E86-4A25-8D72-DFF580DC16EF}.AppStore|Any CPU.Deploy.0 = Release|Any CPU
		{DCE1C31F-3E86-4A25-8D72-DFF580DC16EF}.AppStore|ARM.ActiveCfg = Release|Any CPU
		{DCE1C31F-3E86-4A25-8D72-DFF580DC16EF}.AppStore|ARM.Build.0 = Release|Any CPU
		{DCE1C31F-3E86-4A25-8D72-DFF580DC16EF}.AppStore|ARM.Deploy.0 = Release|Any CPU
		{DCE1C31F-3E86-4A25-8D72-DFF580DC16EF}.AppStore|iPhone.ActiveCfg = Release|Any CPU
		{DCE1C31F-3E86-4A25-8D72-DFF580DC16EF}.AppStore|iPhone.Build.0 = Release|Any CPU
		{DCE1C31F-3E86-4A25-8D72-DFF580DC16EF}.AppStore|iPhone.Deploy.0 = Release|Any CPU
		{DCE1C31F-3E86-4A25-8D72-DFF580DC16EF}.AppStore|iPhoneSimulator.ActiveCfg = Release|Any CPU
		{DCE1C31F-3E86-4A25-8D72-DFF580DC16EF}.AppStore|iPhoneSimulator.Build.0 = Release|Any CPU
		{DCE1C31F-3E86-4A25-8D72-DFF580DC16EF}.AppStore|iPhoneSimulator.Deploy.0 = Release|Any CPU
		{DCE1C31F-3E86-4A25-8D72-DFF580DC16EF}.AppStore|x64.ActiveCfg = Release|Any CPU
		{DCE1C31F-3E86-4A25-8D72-DFF580DC16EF}.AppStore|x64.Build.0 = Release|Any CPU
		{DCE1C31F-3E86-4A25-8D72-DFF580DC16EF}.AppStore|x64.Deploy.0 = Release|Any CPU
		{DCE1C31F-3E86-4A25-8D72-DFF580DC16EF}.AppStore|x86.ActiveCfg = Release|Any CPU
		{DCE1C31F-3E86-4A25-8D72-DFF580DC16EF}.AppStore|x86.Build.0 = Release|Any CPU
		{DCE1C31F-3E86-4A25-8D72-DFF580DC16EF}.AppStore|x86.Deploy.0 = Release|Any CPU
		{DCE1C31F-3E86-4A25-8D72-DFF580DC16EF}.Debug|Any CPU.ActiveCfg = Debug|Any CPU
		{DCE1C31F-3E86-4A25-8D72-DFF580DC16EF}.Debug|Any CPU.Build.0 = Debug|Any CPU
		{DCE1C31F-3E86-4A25-8D72-DFF580DC16EF}.Debug|Any CPU.Deploy.0 = Debug|Any CPU
		{DCE1C31F-3E86-4A25-8D72-DFF580DC16EF}.Debug|ARM.ActiveCfg = Debug|Any CPU
		{DCE1C31F-3E86-4A25-8D72-DFF580DC16EF}.Debug|ARM.Build.0 = Debug|Any CPU
		{DCE1C31F-3E86-4A25-8D72-DFF580DC16EF}.Debug|ARM.Deploy.0 = Debug|Any CPU
		{DCE1C31F-3E86-4A25-8D72-DFF580DC16EF}.Debug|iPhone.ActiveCfg = Debug|Any CPU
		{DCE1C31F-3E86-4A25-8D72-DFF580DC16EF}.Debug|iPhone.Build.0 = Debug|Any CPU
		{DCE1C31F-3E86-4A25-8D72-DFF580DC16EF}.Debug|iPhone.Deploy.0 = Debug|Any CPU
		{DCE1C31F-3E86-4A25-8D72-DFF580DC16EF}.Debug|iPhoneSimulator.ActiveCfg = Debug|Any CPU
		{DCE1C31F-3E86-4A25-8D72-DFF580DC16EF}.Debug|iPhoneSimulator.Build.0 = Debug|Any CPU
		{DCE1C31F-3E86-4A25-8D72-DFF580DC16EF}.Debug|iPhoneSimulator.Deploy.0 = Debug|Any CPU
		{DCE1C31F-3E86-4A25-8D72-DFF580DC16EF}.Debug|x64.ActiveCfg = Debug|Any CPU
		{DCE1C31F-3E86-4A25-8D72-DFF580DC16EF}.Debug|x64.Build.0 = Debug|Any CPU
		{DCE1C31F-3E86-4A25-8D72-DFF580DC16EF}.Debug|x64.Deploy.0 = Debug|Any CPU
		{DCE1C31F-3E86-4A25-8D72-DFF580DC16EF}.Debug|x86.ActiveCfg = Debug|Any CPU
		{DCE1C31F-3E86-4A25-8D72-DFF580DC16EF}.Debug|x86.Build.0 = Debug|Any CPU
		{DCE1C31F-3E86-4A25-8D72-DFF580DC16EF}.Debug|x86.Deploy.0 = Debug|Any CPU
		{DCE1C31F-3E86-4A25-8D72-DFF580DC16EF}.Release|Any CPU.ActiveCfg = Release|Any CPU
		{DCE1C31F-3E86-4A25-8D72-DFF580DC16EF}.Release|Any CPU.Build.0 = Release|Any CPU
		{DCE1C31F-3E86-4A25-8D72-DFF580DC16EF}.Release|Any CPU.Deploy.0 = Release|Any CPU
		{DCE1C31F-3E86-4A25-8D72-DFF580DC16EF}.Release|ARM.ActiveCfg = Release|Any CPU
		{DCE1C31F-3E86-4A25-8D72-DFF580DC16EF}.Release|ARM.Build.0 = Release|Any CPU
		{DCE1C31F-3E86-4A25-8D72-DFF580DC16EF}.Release|ARM.Deploy.0 = Release|Any CPU
		{DCE1C31F-3E86-4A25-8D72-DFF580DC16EF}.Release|iPhone.ActiveCfg = Release|Any CPU
		{DCE1C31F-3E86-4A25-8D72-DFF580DC16EF}.Release|iPhone.Build.0 = Release|Any CPU
		{DCE1C31F-3E86-4A25-8D72-DFF580DC16EF}.Release|iPhone.Deploy.0 = Release|Any CPU
		{DCE1C31F-3E86-4A25-8D72-DFF580DC16EF}.Release|iPhoneSimulator.ActiveCfg = Release|Any CPU
		{DCE1C31F-3E86-4A25-8D72-DFF580DC16EF}.Release|iPhoneSimulator.Build.0 = Release|Any CPU
		{DCE1C31F-3E86-4A25-8D72-DFF580DC16EF}.Release|iPhoneSimulator.Deploy.0 = Release|Any CPU
		{DCE1C31F-3E86-4A25-8D72-DFF580DC16EF}.Release|x64.ActiveCfg = Release|Any CPU
		{DCE1C31F-3E86-4A25-8D72-DFF580DC16EF}.Release|x64.Build.0 = Release|Any CPU
		{DCE1C31F-3E86-4A25-8D72-DFF580DC16EF}.Release|x64.Deploy.0 = Release|Any CPU
		{DCE1C31F-3E86-4A25-8D72-DFF580DC16EF}.Release|x86.ActiveCfg = Release|Any CPU
		{DCE1C31F-3E86-4A25-8D72-DFF580DC16EF}.Release|x86.Build.0 = Release|Any CPU
		{DCE1C31F-3E86-4A25-8D72-DFF580DC16EF}.Release|x86.Deploy.0 = Release|Any CPU
		{2E73ECB4-1967-4E56-964E-6C6D4C763141}.Ad-Hoc|Any CPU.ActiveCfg = Ad-Hoc|iPhone
		{2E73ECB4-1967-4E56-964E-6C6D4C763141}.Ad-Hoc|Any CPU.Build.0 = Ad-Hoc|iPhone
		{2E73ECB4-1967-4E56-964E-6C6D4C763141}.Ad-Hoc|Any CPU.Deploy.0 = Ad-Hoc|iPhone
		{2E73ECB4-1967-4E56-964E-6C6D4C763141}.Ad-Hoc|ARM.ActiveCfg = Ad-Hoc|iPhone
		{2E73ECB4-1967-4E56-964E-6C6D4C763141}.Ad-Hoc|ARM.Build.0 = Ad-Hoc|iPhone
		{2E73ECB4-1967-4E56-964E-6C6D4C763141}.Ad-Hoc|ARM.Deploy.0 = Ad-Hoc|iPhone
		{2E73ECB4-1967-4E56-964E-6C6D4C763141}.Ad-Hoc|iPhone.ActiveCfg = Ad-Hoc|iPhone
		{2E73ECB4-1967-4E56-964E-6C6D4C763141}.Ad-Hoc|iPhone.Build.0 = Ad-Hoc|iPhone
		{2E73ECB4-1967-4E56-964E-6C6D4C763141}.Ad-Hoc|iPhone.Deploy.0 = Ad-Hoc|iPhone
		{2E73ECB4-1967-4E56-964E-6C6D4C763141}.Ad-Hoc|iPhoneSimulator.ActiveCfg = Ad-Hoc|iPhoneSimulator
		{2E73ECB4-1967-4E56-964E-6C6D4C763141}.Ad-Hoc|iPhoneSimulator.Build.0 = Ad-Hoc|iPhoneSimulator
		{2E73ECB4-1967-4E56-964E-6C6D4C763141}.Ad-Hoc|iPhoneSimulator.Deploy.0 = Ad-Hoc|iPhoneSimulator
		{2E73ECB4-1967-4E56-964E-6C6D4C763141}.Ad-Hoc|x64.ActiveCfg = Ad-Hoc|iPhone
		{2E73ECB4-1967-4E56-964E-6C6D4C763141}.Ad-Hoc|x64.Build.0 = Ad-Hoc|iPhone
		{2E73ECB4-1967-4E56-964E-6C6D4C763141}.Ad-Hoc|x64.Deploy.0 = Ad-Hoc|iPhone
		{2E73ECB4-1967-4E56-964E-6C6D4C763141}.Ad-Hoc|x86.ActiveCfg = Ad-Hoc|iPhone
		{2E73ECB4-1967-4E56-964E-6C6D4C763141}.Ad-Hoc|x86.Build.0 = Ad-Hoc|iPhone
		{2E73ECB4-1967-4E56-964E-6C6D4C763141}.Ad-Hoc|x86.Deploy.0 = Ad-Hoc|iPhone
		{2E73ECB4-1967-4E56-964E-6C6D4C763141}.AppStore|Any CPU.ActiveCfg = AppStore|iPhone
		{2E73ECB4-1967-4E56-964E-6C6D4C763141}.AppStore|Any CPU.Build.0 = AppStore|iPhone
		{2E73ECB4-1967-4E56-964E-6C6D4C763141}.AppStore|Any CPU.Deploy.0 = AppStore|iPhone
		{2E73ECB4-1967-4E56-964E-6C6D4C763141}.AppStore|ARM.ActiveCfg = AppStore|iPhone
		{2E73ECB4-1967-4E56-964E-6C6D4C763141}.AppStore|ARM.Build.0 = AppStore|iPhone
		{2E73ECB4-1967-4E56-964E-6C6D4C763141}.AppStore|ARM.Deploy.0 = AppStore|iPhone
		{2E73ECB4-1967-4E56-964E-6C6D4C763141}.AppStore|iPhone.ActiveCfg = AppStore|iPhone
		{2E73ECB4-1967-4E56-964E-6C6D4C763141}.AppStore|iPhone.Build.0 = AppStore|iPhone
		{2E73ECB4-1967-4E56-964E-6C6D4C763141}.AppStore|iPhone.Deploy.0 = AppStore|iPhone
		{2E73ECB4-1967-4E56-964E-6C6D4C763141}.AppStore|iPhoneSimulator.ActiveCfg = AppStore|iPhoneSimulator
		{2E73ECB4-1967-4E56-964E-6C6D4C763141}.AppStore|iPhoneSimulator.Build.0 = AppStore|iPhoneSimulator
		{2E73ECB4-1967-4E56-964E-6C6D4C763141}.AppStore|iPhoneSimulator.Deploy.0 = AppStore|iPhoneSimulator
		{2E73ECB4-1967-4E56-964E-6C6D4C763141}.AppStore|x64.ActiveCfg = AppStore|iPhone
		{2E73ECB4-1967-4E56-964E-6C6D4C763141}.AppStore|x64.Build.0 = AppStore|iPhone
		{2E73ECB4-1967-4E56-964E-6C6D4C763141}.AppStore|x64.Deploy.0 = AppStore|iPhone
		{2E73ECB4-1967-4E56-964E-6C6D4C763141}.AppStore|x86.ActiveCfg = AppStore|iPhone
		{2E73ECB4-1967-4E56-964E-6C6D4C763141}.AppStore|x86.Build.0 = AppStore|iPhone
		{2E73ECB4-1967-4E56-964E-6C6D4C763141}.AppStore|x86.Deploy.0 = AppStore|iPhone
		{2E73ECB4-1967-4E56-964E-6C6D4C763141}.Debug|Any CPU.ActiveCfg = Debug|iPhoneSimulator
		{2E73ECB4-1967-4E56-964E-6C6D4C763141}.Debug|Any CPU.Build.0 = Debug|iPhoneSimulator
		{2E73ECB4-1967-4E56-964E-6C6D4C763141}.Debug|Any CPU.Deploy.0 = Debug|iPhoneSimulator
		{2E73ECB4-1967-4E56-964E-6C6D4C763141}.Debug|ARM.ActiveCfg = Debug|iPhone
		{2E73ECB4-1967-4E56-964E-6C6D4C763141}.Debug|ARM.Build.0 = Debug|iPhone
		{2E73ECB4-1967-4E56-964E-6C6D4C763141}.Debug|ARM.Deploy.0 = Debug|iPhone
		{2E73ECB4-1967-4E56-964E-6C6D4C763141}.Debug|iPhone.ActiveCfg = Debug|iPhone
		{2E73ECB4-1967-4E56-964E-6C6D4C763141}.Debug|iPhone.Build.0 = Debug|iPhone
		{2E73ECB4-1967-4E56-964E-6C6D4C763141}.Debug|iPhone.Deploy.0 = Debug|iPhone
		{2E73ECB4-1967-4E56-964E-6C6D4C763141}.Debug|iPhoneSimulator.ActiveCfg = Debug|iPhoneSimulator
		{2E73ECB4-1967-4E56-964E-6C6D4C763141}.Debug|iPhoneSimulator.Build.0 = Debug|iPhoneSimulator
		{2E73ECB4-1967-4E56-964E-6C6D4C763141}.Debug|iPhoneSimulator.Deploy.0 = Debug|iPhoneSimulator
		{2E73ECB4-1967-4E56-964E-6C6D4C763141}.Debug|x64.ActiveCfg = Debug|iPhone
		{2E73ECB4-1967-4E56-964E-6C6D4C763141}.Debug|x64.Build.0 = Debug|iPhone
		{2E73ECB4-1967-4E56-964E-6C6D4C763141}.Debug|x64.Deploy.0 = Debug|iPhone
		{2E73ECB4-1967-4E56-964E-6C6D4C763141}.Debug|x86.ActiveCfg = Debug|iPhone
		{2E73ECB4-1967-4E56-964E-6C6D4C763141}.Debug|x86.Build.0 = Debug|iPhone
		{2E73ECB4-1967-4E56-964E-6C6D4C763141}.Debug|x86.Deploy.0 = Debug|iPhone
		{2E73ECB4-1967-4E56-964E-6C6D4C763141}.Release|Any CPU.ActiveCfg = Release|iPhone
		{2E73ECB4-1967-4E56-964E-6C6D4C763141}.Release|Any CPU.Build.0 = Release|iPhone
		{2E73ECB4-1967-4E56-964E-6C6D4C763141}.Release|Any CPU.Deploy.0 = Release|iPhone
		{2E73ECB4-1967-4E56-964E-6C6D4C763141}.Release|ARM.ActiveCfg = Release|iPhone
		{2E73ECB4-1967-4E56-964E-6C6D4C763141}.Release|ARM.Build.0 = Release|iPhone
		{2E73ECB4-1967-4E56-964E-6C6D4C763141}.Release|ARM.Deploy.0 = Release|iPhone
		{2E73ECB4-1967-4E56-964E-6C6D4C763141}.Release|iPhone.ActiveCfg = Release|iPhone
		{2E73ECB4-1967-4E56-964E-6C6D4C763141}.Release|iPhone.Build.0 = Release|iPhone
		{2E73ECB4-1967-4E56-964E-6C6D4C763141}.Release|iPhone.Deploy.0 = Release|iPhone
		{2E73ECB4-1967-4E56-964E-6C6D4C763141}.Release|iPhoneSimulator.ActiveCfg = Release|iPhoneSimulator
		{2E73ECB4-1967-4E56-964E-6C6D4C763141}.Release|iPhoneSimulator.Build.0 = Release|iPhoneSimulator
		{2E73ECB4-1967-4E56-964E-6C6D4C763141}.Release|iPhoneSimulator.Deploy.0 = Release|iPhoneSimulator
		{2E73ECB4-1967-4E56-964E-6C6D4C763141}.Release|x64.ActiveCfg = Release|iPhone
		{2E73ECB4-1967-4E56-964E-6C6D4C763141}.Release|x64.Build.0 = Release|iPhone
		{2E73ECB4-1967-4E56-964E-6C6D4C763141}.Release|x64.Deploy.0 = Release|iPhone
		{2E73ECB4-1967-4E56-964E-6C6D4C763141}.Release|x86.ActiveCfg = Release|iPhone
		{2E73ECB4-1967-4E56-964E-6C6D4C763141}.Release|x86.Build.0 = Release|iPhone
		{2E73ECB4-1967-4E56-964E-6C6D4C763141}.Release|x86.Deploy.0 = Release|iPhone
		{A81E1440-B404-461A-ACFA-C6B54210B98C}.Ad-Hoc|Any CPU.ActiveCfg = Release|x86
		{A81E1440-B404-461A-ACFA-C6B54210B98C}.Ad-Hoc|Any CPU.Build.0 = Release|x86
		{A81E1440-B404-461A-ACFA-C6B54210B98C}.Ad-Hoc|Any CPU.Deploy.0 = Release|x86
		{A81E1440-B404-461A-ACFA-C6B54210B98C}.Ad-Hoc|ARM.ActiveCfg = Release|ARM
		{A81E1440-B404-461A-ACFA-C6B54210B98C}.Ad-Hoc|ARM.Build.0 = Release|ARM
		{A81E1440-B404-461A-ACFA-C6B54210B98C}.Ad-Hoc|ARM.Deploy.0 = Release|ARM
		{A81E1440-B404-461A-ACFA-C6B54210B98C}.Ad-Hoc|iPhone.ActiveCfg = Release|x86
		{A81E1440-B404-461A-ACFA-C6B54210B98C}.Ad-Hoc|iPhone.Build.0 = Release|x86
		{A81E1440-B404-461A-ACFA-C6B54210B98C}.Ad-Hoc|iPhone.Deploy.0 = Release|x86
		{A81E1440-B404-461A-ACFA-C6B54210B98C}.Ad-Hoc|iPhoneSimulator.ActiveCfg = Release|x86
		{A81E1440-B404-461A-ACFA-C6B54210B98C}.Ad-Hoc|iPhoneSimulator.Build.0 = Release|x86
		{A81E1440-B404-461A-ACFA-C6B54210B98C}.Ad-Hoc|iPhoneSimulator.Deploy.0 = Release|x86
		{A81E1440-B404-461A-ACFA-C6B54210B98C}.Ad-Hoc|x64.ActiveCfg = Release|x64
		{A81E1440-B404-461A-ACFA-C6B54210B98C}.Ad-Hoc|x64.Build.0 = Release|x64
		{A81E1440-B404-461A-ACFA-C6B54210B98C}.Ad-Hoc|x64.Deploy.0 = Release|x64
		{A81E1440-B404-461A-ACFA-C6B54210B98C}.Ad-Hoc|x86.ActiveCfg = Release|x86
		{A81E1440-B404-461A-ACFA-C6B54210B98C}.Ad-Hoc|x86.Build.0 = Release|x86
		{A81E1440-B404-461A-ACFA-C6B54210B98C}.Ad-Hoc|x86.Deploy.0 = Release|x86
		{A81E1440-B404-461A-ACFA-C6B54210B98C}.AppStore|Any CPU.ActiveCfg = Release|x86
		{A81E1440-B404-461A-ACFA-C6B54210B98C}.AppStore|Any CPU.Build.0 = Release|x86
		{A81E1440-B404-461A-ACFA-C6B54210B98C}.AppStore|Any CPU.Deploy.0 = Release|x86
		{A81E1440-B404-461A-ACFA-C6B54210B98C}.AppStore|ARM.ActiveCfg = Release|ARM
		{A81E1440-B404-461A-ACFA-C6B54210B98C}.AppStore|ARM.Build.0 = Release|ARM
		{A81E1440-B404-461A-ACFA-C6B54210B98C}.AppStore|ARM.Deploy.0 = Release|ARM
		{A81E1440-B404-461A-ACFA-C6B54210B98C}.AppStore|iPhone.ActiveCfg = Release|x86
		{A81E1440-B404-461A-ACFA-C6B54210B98C}.AppStore|iPhone.Build.0 = Release|x86
		{A81E1440-B404-461A-ACFA-C6B54210B98C}.AppStore|iPhone.Deploy.0 = Release|x86
		{A81E1440-B404-461A-ACFA-C6B54210B98C}.AppStore|iPhoneSimulator.ActiveCfg = Release|x86
		{A81E1440-B404-461A-ACFA-C6B54210B98C}.AppStore|iPhoneSimulator.Build.0 = Release|x86
		{A81E1440-B404-461A-ACFA-C6B54210B98C}.AppStore|iPhoneSimulator.Deploy.0 = Release|x86
		{A81E1440-B404-461A-ACFA-C6B54210B98C}.AppStore|x64.ActiveCfg = Release|x64
		{A81E1440-B404-461A-ACFA-C6B54210B98C}.AppStore|x64.Build.0 = Release|x64
		{A81E1440-B404-461A-ACFA-C6B54210B98C}.AppStore|x64.Deploy.0 = Release|x64
		{A81E1440-B404-461A-ACFA-C6B54210B98C}.AppStore|x86.ActiveCfg = Release|x86
		{A81E1440-B404-461A-ACFA-C6B54210B98C}.AppStore|x86.Build.0 = Release|x86
		{A81E1440-B404-461A-ACFA-C6B54210B98C}.AppStore|x86.Deploy.0 = Release|x86
		{A81E1440-B404-461A-ACFA-C6B54210B98C}.Debug|Any CPU.ActiveCfg = Debug|x86
		{A81E1440-B404-461A-ACFA-C6B54210B98C}.Debug|Any CPU.Build.0 = Debug|x86
		{A81E1440-B404-461A-ACFA-C6B54210B98C}.Debug|Any CPU.Deploy.0 = Debug|x86
		{A81E1440-B404-461A-ACFA-C6B54210B98C}.Debug|ARM.ActiveCfg = Debug|ARM
		{A81E1440-B404-461A-ACFA-C6B54210B98C}.Debug|ARM.Build.0 = Debug|ARM
		{A81E1440-B404-461A-ACFA-C6B54210B98C}.Debug|ARM.Deploy.0 = Debug|ARM
		{A81E1440-B404-461A-ACFA-C6B54210B98C}.Debug|iPhone.ActiveCfg = Debug|x86
		{A81E1440-B404-461A-ACFA-C6B54210B98C}.Debug|iPhone.Build.0 = Debug|x86
		{A81E1440-B404-461A-ACFA-C6B54210B98C}.Debug|iPhone.Deploy.0 = Debug|x86
		{A81E1440-B404-461A-ACFA-C6B54210B98C}.Debug|iPhoneSimulator.ActiveCfg = Debug|x86
		{A81E1440-B404-461A-ACFA-C6B54210B98C}.Debug|iPhoneSimulator.Build.0 = Debug|x86
		{A81E1440-B404-461A-ACFA-C6B54210B98C}.Debug|iPhoneSimulator.Deploy.0 = Debug|x86
		{A81E1440-B404-461A-ACFA-C6B54210B98C}.Debug|x64.ActiveCfg = Debug|x64
		{A81E1440-B404-461A-ACFA-C6B54210B98C}.Debug|x64.Build.0 = Debug|x64
		{A81E1440-B404-461A-ACFA-C6B54210B98C}.Debug|x64.Deploy.0 = Debug|x64
		{A81E1440-B404-461A-ACFA-C6B54210B98C}.Debug|x86.ActiveCfg = Debug|x86
		{A81E1440-B404-461A-ACFA-C6B54210B98C}.Debug|x86.Build.0 = Debug|x86
		{A81E1440-B404-461A-ACFA-C6B54210B98C}.Debug|x86.Deploy.0 = Debug|x86
		{A81E1440-B404-461A-ACFA-C6B54210B98C}.Release|Any CPU.ActiveCfg = Release|x86
		{A81E1440-B404-461A-ACFA-C6B54210B98C}.Release|Any CPU.Build.0 = Release|x86
		{A81E1440-B404-461A-ACFA-C6B54210B98C}.Release|Any CPU.Deploy.0 = Release|x86
		{A81E1440-B404-461A-ACFA-C6B54210B98C}.Release|ARM.ActiveCfg = Release|ARM
		{A81E1440-B404-461A-ACFA-C6B54210B98C}.Release|ARM.Build.0 = Release|ARM
		{A81E1440-B404-461A-ACFA-C6B54210B98C}.Release|ARM.Deploy.0 = Release|ARM
		{A81E1440-B404-461A-ACFA-C6B54210B98C}.Release|iPhone.ActiveCfg = Release|x86
		{A81E1440-B404-461A-ACFA-C6B54210B98C}.Release|iPhone.Build.0 = Release|x86
		{A81E1440-B404-461A-ACFA-C6B54210B98C}.Release|iPhone.Deploy.0 = Release|x86
		{A81E1440-B404-461A-ACFA-C6B54210B98C}.Release|iPhoneSimulator.ActiveCfg = Release|x86
		{A81E1440-B404-461A-ACFA-C6B54210B98C}.Release|iPhoneSimulator.Build.0 = Release|x86
		{A81E1440-B404-461A-ACFA-C6B54210B98C}.Release|iPhoneSimulator.Deploy.0 = Release|x86
		{A81E1440-B404-461A-ACFA-C6B54210B98C}.Release|x64.ActiveCfg = Release|x64
		{A81E1440-B404-461A-ACFA-C6B54210B98C}.Release|x64.Build.0 = Release|x64
		{A81E1440-B404-461A-ACFA-C6B54210B98C}.Release|x64.Deploy.0 = Release|x64
		{A81E1440-B404-461A-ACFA-C6B54210B98C}.Release|x86.ActiveCfg = Release|x86
		{A81E1440-B404-461A-ACFA-C6B54210B98C}.Release|x86.Build.0 = Release|x86
		{A81E1440-B404-461A-ACFA-C6B54210B98C}.Release|x86.Deploy.0 = Release|x86
		{78AF0C52-87D4-4597-9F16-1A7FC365F3A6}.Ad-Hoc|Any CPU.ActiveCfg = Debug|Any CPU
		{78AF0C52-87D4-4597-9F16-1A7FC365F3A6}.Ad-Hoc|Any CPU.Build.0 = Debug|Any CPU
		{78AF0C52-87D4-4597-9F16-1A7FC365F3A6}.Ad-Hoc|Any CPU.Deploy.0 = Debug|Any CPU
		{78AF0C52-87D4-4597-9F16-1A7FC365F3A6}.Ad-Hoc|ARM.ActiveCfg = Debug|Any CPU
		{78AF0C52-87D4-4597-9F16-1A7FC365F3A6}.Ad-Hoc|ARM.Build.0 = Debug|Any CPU
		{78AF0C52-87D4-4597-9F16-1A7FC365F3A6}.Ad-Hoc|ARM.Deploy.0 = Debug|Any CPU
		{78AF0C52-87D4-4597-9F16-1A7FC365F3A6}.Ad-Hoc|iPhone.ActiveCfg = Debug|Any CPU
		{78AF0C52-87D4-4597-9F16-1A7FC365F3A6}.Ad-Hoc|iPhone.Build.0 = Debug|Any CPU
		{78AF0C52-87D4-4597-9F16-1A7FC365F3A6}.Ad-Hoc|iPhone.Deploy.0 = Debug|Any CPU
		{78AF0C52-87D4-4597-9F16-1A7FC365F3A6}.Ad-Hoc|iPhoneSimulator.ActiveCfg = Debug|Any CPU
		{78AF0C52-87D4-4597-9F16-1A7FC365F3A6}.Ad-Hoc|iPhoneSimulator.Build.0 = Debug|Any CPU
		{78AF0C52-87D4-4597-9F16-1A7FC365F3A6}.Ad-Hoc|iPhoneSimulator.Deploy.0 = Debug|Any CPU
		{78AF0C52-87D4-4597-9F16-1A7FC365F3A6}.Ad-Hoc|x64.ActiveCfg = Debug|Any CPU
		{78AF0C52-87D4-4597-9F16-1A7FC365F3A6}.Ad-Hoc|x64.Build.0 = Debug|Any CPU
		{78AF0C52-87D4-4597-9F16-1A7FC365F3A6}.Ad-Hoc|x64.Deploy.0 = Debug|Any CPU
		{78AF0C52-87D4-4597-9F16-1A7FC365F3A6}.Ad-Hoc|x86.ActiveCfg = Debug|Any CPU
		{78AF0C52-87D4-4597-9F16-1A7FC365F3A6}.Ad-Hoc|x86.Build.0 = Debug|Any CPU
		{78AF0C52-87D4-4597-9F16-1A7FC365F3A6}.Ad-Hoc|x86.Deploy.0 = Debug|Any CPU
		{78AF0C52-87D4-4597-9F16-1A7FC365F3A6}.AppStore|Any CPU.ActiveCfg = Debug|Any CPU
		{78AF0C52-87D4-4597-9F16-1A7FC365F3A6}.AppStore|Any CPU.Build.0 = Debug|Any CPU
		{78AF0C52-87D4-4597-9F16-1A7FC365F3A6}.AppStore|Any CPU.Deploy.0 = Debug|Any CPU
		{78AF0C52-87D4-4597-9F16-1A7FC365F3A6}.AppStore|ARM.ActiveCfg = Debug|Any CPU
		{78AF0C52-87D4-4597-9F16-1A7FC365F3A6}.AppStore|ARM.Build.0 = Debug|Any CPU
		{78AF0C52-87D4-4597-9F16-1A7FC365F3A6}.AppStore|ARM.Deploy.0 = Debug|Any CPU
		{78AF0C52-87D4-4597-9F16-1A7FC365F3A6}.AppStore|iPhone.ActiveCfg = Debug|Any CPU
		{78AF0C52-87D4-4597-9F16-1A7FC365F3A6}.AppStore|iPhone.Build.0 = Debug|Any CPU
		{78AF0C52-87D4-4597-9F16-1A7FC365F3A6}.AppStore|iPhone.Deploy.0 = Debug|Any CPU
		{78AF0C52-87D4-4597-9F16-1A7FC365F3A6}.AppStore|iPhoneSimulator.ActiveCfg = Debug|Any CPU
		{78AF0C52-87D4-4597-9F16-1A7FC365F3A6}.AppStore|iPhoneSimulator.Build.0 = Debug|Any CPU
		{78AF0C52-87D4-4597-9F16-1A7FC365F3A6}.AppStore|iPhoneSimulator.Deploy.0 = Debug|Any CPU
		{78AF0C52-87D4-4597-9F16-1A7FC365F3A6}.AppStore|x64.ActiveCfg = Debug|Any CPU
		{78AF0C52-87D4-4597-9F16-1A7FC365F3A6}.AppStore|x64.Build.0 = Debug|Any CPU
		{78AF0C52-87D4-4597-9F16-1A7FC365F3A6}.AppStore|x64.Deploy.0 = Debug|Any CPU
		{78AF0C52-87D4-4597-9F16-1A7FC365F3A6}.AppStore|x86.ActiveCfg = Debug|Any CPU
		{78AF0C52-87D4-4597-9F16-1A7FC365F3A6}.AppStore|x86.Build.0 = Debug|Any CPU
		{78AF0C52-87D4-4597-9F16-1A7FC365F3A6}.AppStore|x86.Deploy.0 = Debug|Any CPU
		{78AF0C52-87D4-4597-9F16-1A7FC365F3A6}.Debug|Any CPU.ActiveCfg = Debug|Any CPU
		{78AF0C52-87D4-4597-9F16-1A7FC365F3A6}.Debug|Any CPU.Build.0 = Debug|Any CPU
		{78AF0C52-87D4-4597-9F16-1A7FC365F3A6}.Debug|Any CPU.Deploy.0 = Debug|Any CPU
		{78AF0C52-87D4-4597-9F16-1A7FC365F3A6}.Debug|ARM.ActiveCfg = Debug|Any CPU
		{78AF0C52-87D4-4597-9F16-1A7FC365F3A6}.Debug|ARM.Build.0 = Debug|Any CPU
		{78AF0C52-87D4-4597-9F16-1A7FC365F3A6}.Debug|ARM.Deploy.0 = Debug|Any CPU
		{78AF0C52-87D4-4597-9F16-1A7FC365F3A6}.Debug|iPhone.ActiveCfg = Debug|Any CPU
		{78AF0C52-87D4-4597-9F16-1A7FC365F3A6}.Debug|iPhone.Build.0 = Debug|Any CPU
		{78AF0C52-87D4-4597-9F16-1A7FC365F3A6}.Debug|iPhone.Deploy.0 = Debug|Any CPU
		{78AF0C52-87D4-4597-9F16-1A7FC365F3A6}.Debug|iPhoneSimulator.ActiveCfg = Debug|Any CPU
		{78AF0C52-87D4-4597-9F16-1A7FC365F3A6}.Debug|iPhoneSimulator.Build.0 = Debug|Any CPU
		{78AF0C52-87D4-4597-9F16-1A7FC365F3A6}.Debug|iPhoneSimulator.Deploy.0 = Debug|Any CPU
		{78AF0C52-87D4-4597-9F16-1A7FC365F3A6}.Debug|x64.ActiveCfg = Debug|Any CPU
		{78AF0C52-87D4-4597-9F16-1A7FC365F3A6}.Debug|x64.Build.0 = Debug|Any CPU
		{78AF0C52-87D4-4597-9F16-1A7FC365F3A6}.Debug|x64.Deploy.0 = Debug|Any CPU
		{78AF0C52-87D4-4597-9F16-1A7FC365F3A6}.Debug|x86.ActiveCfg = Debug|Any CPU
		{78AF0C52-87D4-4597-9F16-1A7FC365F3A6}.Debug|x86.Build.0 = Debug|Any CPU
		{78AF0C52-87D4-4597-9F16-1A7FC365F3A6}.Debug|x86.Deploy.0 = Debug|Any CPU
		{78AF0C52-87D4-4597-9F16-1A7FC365F3A6}.Release|Any CPU.ActiveCfg = Release|Any CPU
		{78AF0C52-87D4-4597-9F16-1A7FC365F3A6}.Release|Any CPU.Build.0 = Release|Any CPU
		{78AF0C52-87D4-4597-9F16-1A7FC365F3A6}.Release|Any CPU.Deploy.0 = Release|Any CPU
		{78AF0C52-87D4-4597-9F16-1A7FC365F3A6}.Release|ARM.ActiveCfg = Release|Any CPU
		{78AF0C52-87D4-4597-9F16-1A7FC365F3A6}.Release|ARM.Build.0 = Release|Any CPU
		{78AF0C52-87D4-4597-9F16-1A7FC365F3A6}.Release|ARM.Deploy.0 = Release|Any CPU
		{78AF0C52-87D4-4597-9F16-1A7FC365F3A6}.Release|iPhone.ActiveCfg = Release|Any CPU
		{78AF0C52-87D4-4597-9F16-1A7FC365F3A6}.Release|iPhone.Build.0 = Release|Any CPU
		{78AF0C52-87D4-4597-9F16-1A7FC365F3A6}.Release|iPhone.Deploy.0 = Release|Any CPU
		{78AF0C52-87D4-4597-9F16-1A7FC365F3A6}.Release|iPhoneSimulator.ActiveCfg = Release|Any CPU
		{78AF0C52-87D4-4597-9F16-1A7FC365F3A6}.Release|iPhoneSimulator.Build.0 = Release|Any CPU
		{78AF0C52-87D4-4597-9F16-1A7FC365F3A6}.Release|iPhoneSimulator.Deploy.0 = Release|Any CPU
		{78AF0C52-87D4-4597-9F16-1A7FC365F3A6}.Release|x64.ActiveCfg = Release|Any CPU
		{78AF0C52-87D4-4597-9F16-1A7FC365F3A6}.Release|x64.Build.0 = Release|Any CPU
		{78AF0C52-87D4-4597-9F16-1A7FC365F3A6}.Release|x64.Deploy.0 = Release|Any CPU
		{78AF0C52-87D4-4597-9F16-1A7FC365F3A6}.Release|x86.ActiveCfg = Release|Any CPU
		{78AF0C52-87D4-4597-9F16-1A7FC365F3A6}.Release|x86.Build.0 = Release|Any CPU
		{78AF0C52-87D4-4597-9F16-1A7FC365F3A6}.Release|x86.Deploy.0 = Release|Any CPU
	EndGlobalSection
	GlobalSection(SolutionProperties) = preSolution
		HideSolutionNode = FALSE
	EndGlobalSection
	GlobalSection(ExtensibilityGlobals) = postSolution
		SolutionGuid = {8FDCEEB1-90D0-43C3-835E-F4023479060A}
	EndGlobalSection
EndGlobal
