
Microsoft Visual Studio Solution File, Format Version 12.00
# Visual Studio 15
VisualStudioVersion = 15.0.28010.2046
MinimumVisualStudioVersion = 10.0.40219.1
Project("{FAE04EC0-301F-11D3-BF4B-00C04F79EFBC}") = "Ejercicio4.Android", "Ejercicio4\Ejercicio4.Android\Ejercicio4.Android.csproj", "{544DEE87-7C33-4F3B-BDC4-FE15BD5CE0D5}"
EndProject
Project("{FAE04EC0-301F-11D3-BF4B-00C04F79EFBC}") = "Ejercicio4.iOS", "Ejercicio4\Ejercicio4.iOS\Ejercicio4.iOS.csproj", "{2B206C26-72E3-4488-9162-C3B4A8999237}"
EndProject
Project("{FAE04EC0-301F-11D3-BF4B-00C04F79EFBC}") = "Ejercicio4.UWP", "Ejercicio4\Ejercicio4.UWP\Ejercicio4.UWP.csproj", "{B7F4D50F-9151-41E0-9365-70F094AA6957}"
EndProject
Project("{FAE04EC0-301F-11D3-BF4B-00C04F79EFBC}") = "Ejercicio4", "Ejercicio4\Ejercicio4\Ejercicio4.csproj", "{61E4437C-BA1E-4ACF-8074-58696AD73E13}"
EndProject
Global
	GlobalSection(SolutionConfigurationPlatforms) = preSolution
		Ad-Hoc|Any CPU = Ad-Hoc|Any CPU
		Ad-Hoc|ARM = Ad-Hoc|ARM
		Ad-Hoc|iPhone = Ad-Hoc|iPhone
		Ad-Hoc|iPhoneSimulator = Ad-Hoc|iPhoneSimulator
		Ad-Hoc|x64 = Ad-Hoc|x64
		Ad-Hoc|x86 = Ad-Hoc|x86
		AppStore|Any CPU = AppStore|Any CPU
		AppStore|ARM = AppStore|ARM
		AppStore|iPhone = AppStore|iPhone
		AppStore|iPhoneSimulator = AppStore|iPhoneSimulator
		AppStore|x64 = AppStore|x64
		AppStore|x86 = AppStore|x86
		Debug|Any CPU = Debug|Any CPU
		Debug|ARM = Debug|ARM
		Debug|iPhone = Debug|iPhone
		Debug|iPhoneSimulator = Debug|iPhoneSimulator
		Debug|x64 = Debug|x64
		Debug|x86 = Debug|x86
		Release|Any CPU = Release|Any CPU
		Release|ARM = Release|ARM
		Release|iPhone = Release|iPhone
		Release|iPhoneSimulator = Release|iPhoneSimulator
		Release|x64 = Release|x64
		Release|x86 = Release|x86
	EndGlobalSection
	GlobalSection(ProjectConfigurationPlatforms) = postSolution
		{544DEE87-7C33-4F3B-BDC4-FE15BD5CE0D5}.Ad-Hoc|Any CPU.ActiveCfg = Release|Any CPU
		{544DEE87-7C33-4F3B-BDC4-FE15BD5CE0D5}.Ad-Hoc|Any CPU.Build.0 = Release|Any CPU
		{544DEE87-7C33-4F3B-BDC4-FE15BD5CE0D5}.Ad-Hoc|Any CPU.Deploy.0 = Release|Any CPU
		{544DEE87-7C33-4F3B-BDC4-FE15BD5CE0D5}.Ad-Hoc|ARM.ActiveCfg = Release|Any CPU
		{544DEE87-7C33-4F3B-BDC4-FE15BD5CE0D5}.Ad-Hoc|ARM.Build.0 = Release|Any CPU
		{544DEE87-7C33-4F3B-BDC4-FE15BD5CE0D5}.Ad-Hoc|ARM.Deploy.0 = Release|Any CPU
		{544DEE87-7C33-4F3B-BDC4-FE15BD5CE0D5}.Ad-Hoc|iPhone.ActiveCfg = Release|Any CPU
		{544DEE87-7C33-4F3B-BDC4-FE15BD5CE0D5}.Ad-Hoc|iPhone.Build.0 = Release|Any CPU
		{544DEE87-7C33-4F3B-BDC4-FE15BD5CE0D5}.Ad-Hoc|iPhone.Deploy.0 = Release|Any CPU
		{544DEE87-7C33-4F3B-BDC4-FE15BD5CE0D5}.Ad-Hoc|iPhoneSimulator.ActiveCfg = Release|Any CPU
		{544DEE87-7C33-4F3B-BDC4-FE15BD5CE0D5}.Ad-Hoc|iPhoneSimulator.Build.0 = Release|Any CPU
		{544DEE87-7C33-4F3B-BDC4-FE15BD5CE0D5}.Ad-Hoc|iPhoneSimulator.Deploy.0 = Release|Any CPU
		{544DEE87-7C33-4F3B-BDC4-FE15BD5CE0D5}.Ad-Hoc|x64.ActiveCfg = Release|Any CPU
		{544DEE87-7C33-4F3B-BDC4-FE15BD5CE0D5}.Ad-Hoc|x64.Build.0 = Release|Any CPU
		{544DEE87-7C33-4F3B-BDC4-FE15BD5CE0D5}.Ad-Hoc|x64.Deploy.0 = Release|Any CPU
		{544DEE87-7C33-4F3B-BDC4-FE15BD5CE0D5}.Ad-Hoc|x86.ActiveCfg = Release|Any CPU
		{544DEE87-7C33-4F3B-BDC4-FE15BD5CE0D5}.Ad-Hoc|x86.Build.0 = Release|Any CPU
		{544DEE87-7C33-4F3B-BDC4-FE15BD5CE0D5}.Ad-Hoc|x86.Deploy.0 = Release|Any CPU
		{544DEE87-7C33-4F3B-BDC4-FE15BD5CE0D5}.AppStore|Any CPU.ActiveCfg = Release|Any CPU
		{544DEE87-7C33-4F3B-BDC4-FE15BD5CE0D5}.AppStore|Any CPU.Build.0 = Release|Any CPU
		{544DEE87-7C33-4F3B-BDC4-FE15BD5CE0D5}.AppStore|Any CPU.Deploy.0 = Release|Any CPU
		{544DEE87-7C33-4F3B-BDC4-FE15BD5CE0D5}.AppStore|ARM.ActiveCfg = Release|Any CPU
		{544DEE87-7C33-4F3B-BDC4-FE15BD5CE0D5}.AppStore|ARM.Build.0 = Release|Any CPU
		{544DEE87-7C33-4F3B-BDC4-FE15BD5CE0D5}.AppStore|ARM.Deploy.0 = Release|Any CPU
		{544DEE87-7C33-4F3B-BDC4-FE15BD5CE0D5}.AppStore|iPhone.ActiveCfg = Release|Any CPU
		{544DEE87-7C33-4F3B-BDC4-FE15BD5CE0D5}.AppStore|iPhone.Build.0 = Release|Any CPU
		{544DEE87-7C33-4F3B-BDC4-FE15BD5CE0D5}.AppStore|iPhone.Deploy.0 = Release|Any CPU
		{544DEE87-7C33-4F3B-BDC4-FE15BD5CE0D5}.AppStore|iPhoneSimulator.ActiveCfg = Release|Any CPU
		{544DEE87-7C33-4F3B-BDC4-FE15BD5CE0D5}.AppStore|iPhoneSimulator.Build.0 = Release|Any CPU
		{544DEE87-7C33-4F3B-BDC4-FE15BD5CE0D5}.AppStore|iPhoneSimulator.Deploy.0 = Release|Any CPU
		{544DEE87-7C33-4F3B-BDC4-FE15BD5CE0D5}.AppStore|x64.ActiveCfg = Release|Any CPU
		{544DEE87-7C33-4F3B-BDC4-FE15BD5CE0D5}.AppStore|x64.Build.0 = Release|Any CPU
		{544DEE87-7C33-4F3B-BDC4-FE15BD5CE0D5}.AppStore|x64.Deploy.0 = Release|Any CPU
		{544DEE87-7C33-4F3B-BDC4-FE15BD5CE0D5}.AppStore|x86.ActiveCfg = Release|Any CPU
		{544DEE87-7C33-4F3B-BDC4-FE15BD5CE0D5}.AppStore|x86.Build.0 = Release|Any CPU
		{544DEE87-7C33-4F3B-BDC4-FE15BD5CE0D5}.AppStore|x86.Deploy.0 = Release|Any CPU
		{544DEE87-7C33-4F3B-BDC4-FE15BD5CE0D5}.Debug|Any CPU.ActiveCfg = Debug|Any CPU
		{544DEE87-7C33-4F3B-BDC4-FE15BD5CE0D5}.Debug|Any CPU.Build.0 = Debug|Any CPU
		{544DEE87-7C33-4F3B-BDC4-FE15BD5CE0D5}.Debug|Any CPU.Deploy.0 = Debug|Any CPU
		{544DEE87-7C33-4F3B-BDC4-FE15BD5CE0D5}.Debug|ARM.ActiveCfg = Debug|Any CPU
		{544DEE87-7C33-4F3B-BDC4-FE15BD5CE0D5}.Debug|ARM.Build.0 = Debug|Any CPU
		{544DEE87-7C33-4F3B-BDC4-FE15BD5CE0D5}.Debug|ARM.Deploy.0 = Debug|Any CPU
		{544DEE87-7C33-4F3B-BDC4-FE15BD5CE0D5}.Debug|iPhone.ActiveCfg = Debug|Any CPU
		{544DEE87-7C33-4F3B-BDC4-FE15BD5CE0D5}.Debug|iPhone.Build.0 = Debug|Any CPU
		{544DEE87-7C33-4F3B-BDC4-FE15BD5CE0D5}.Debug|iPhone.Deploy.0 = Debug|Any CPU
		{544DEE87-7C33-4F3B-BDC4-FE15BD5CE0D5}.Debug|iPhoneSimulator.ActiveCfg = Debug|Any CPU
		{544DEE87-7C33-4F3B-BDC4-FE15BD5CE0D5}.Debug|iPhoneSimulator.Build.0 = Debug|Any CPU
		{544DEE87-7C33-4F3B-BDC4-FE15BD5CE0D5}.Debug|iPhoneSimulator.Deploy.0 = Debug|Any CPU
		{544DEE87-7C33-4F3B-BDC4-FE15BD5CE0D5}.Debug|x64.ActiveCfg = Debug|Any CPU
		{544DEE87-7C33-4F3B-BDC4-FE15BD5CE0D5}.Debug|x64.Build.0 = Debug|Any CPU
		{544DEE87-7C33-4F3B-BDC4-FE15BD5CE0D5}.Debug|x64.Deploy.0 = Debug|Any CPU
		{544DEE87-7C33-4F3B-BDC4-FE15BD5CE0D5}.Debug|x86.ActiveCfg = Debug|Any CPU
		{544DEE87-7C33-4F3B-BDC4-FE15BD5CE0D5}.Debug|x86.Build.0 = Debug|Any CPU
		{544DEE87-7C33-4F3B-BDC4-FE15BD5CE0D5}.Debug|x86.Deploy.0 = Debug|Any CPU
		{544DEE87-7C33-4F3B-BDC4-FE15BD5CE0D5}.Release|Any CPU.ActiveCfg = Release|Any CPU
		{544DEE87-7C33-4F3B-BDC4-FE15BD5CE0D5}.Release|Any CPU.Build.0 = Release|Any CPU
		{544DEE87-7C33-4F3B-BDC4-FE15BD5CE0D5}.Release|Any CPU.Deploy.0 = Release|Any CPU
		{544DEE87-7C33-4F3B-BDC4-FE15BD5CE0D5}.Release|ARM.ActiveCfg = Release|Any CPU
		{544DEE87-7C33-4F3B-BDC4-FE15BD5CE0D5}.Release|ARM.Build.0 = Release|Any CPU
		{544DEE87-7C33-4F3B-BDC4-FE15BD5CE0D5}.Release|ARM.Deploy.0 = Release|Any CPU
		{544DEE87-7C33-4F3B-BDC4-FE15BD5CE0D5}.Release|iPhone.ActiveCfg = Release|Any CPU
		{544DEE87-7C33-4F3B-BDC4-FE15BD5CE0D5}.Release|iPhone.Build.0 = Release|Any CPU
		{544DEE87-7C33-4F3B-BDC4-FE15BD5CE0D5}.Release|iPhone.Deploy.0 = Release|Any CPU
		{544DEE87-7C33-4F3B-BDC4-FE15BD5CE0D5}.Release|iPhoneSimulator.ActiveCfg = Release|Any CPU
		{544DEE87-7C33-4F3B-BDC4-FE15BD5CE0D5}.Release|iPhoneSimulator.Build.0 = Release|Any CPU
		{544DEE87-7C33-4F3B-BDC4-FE15BD5CE0D5}.Release|iPhoneSimulator.Deploy.0 = Release|Any CPU
		{544DEE87-7C33-4F3B-BDC4-FE15BD5CE0D5}.Release|x64.ActiveCfg = Release|Any CPU
		{544DEE87-7C33-4F3B-BDC4-FE15BD5CE0D5}.Release|x64.Build.0 = Release|Any CPU
		{544DEE87-7C33-4F3B-BDC4-FE15BD5CE0D5}.Release|x64.Deploy.0 = Release|Any CPU
		{544DEE87-7C33-4F3B-BDC4-FE15BD5CE0D5}.Release|x86.ActiveCfg = Release|Any CPU
		{544DEE87-7C33-4F3B-BDC4-FE15BD5CE0D5}.Release|x86.Build.0 = Release|Any CPU
		{544DEE87-7C33-4F3B-BDC4-FE15BD5CE0D5}.Release|x86.Deploy.0 = Release|Any CPU
		{2B206C26-72E3-4488-9162-C3B4A8999237}.Ad-Hoc|Any CPU.ActiveCfg = Ad-Hoc|iPhone
		{2B206C26-72E3-4488-9162-C3B4A8999237}.Ad-Hoc|Any CPU.Build.0 = Ad-Hoc|iPhone
		{2B206C26-72E3-4488-9162-C3B4A8999237}.Ad-Hoc|Any CPU.Deploy.0 = Ad-Hoc|iPhone
		{2B206C26-72E3-4488-9162-C3B4A8999237}.Ad-Hoc|ARM.ActiveCfg = Ad-Hoc|iPhone
		{2B206C26-72E3-4488-9162-C3B4A8999237}.Ad-Hoc|ARM.Build.0 = Ad-Hoc|iPhone
		{2B206C26-72E3-4488-9162-C3B4A8999237}.Ad-Hoc|ARM.Deploy.0 = Ad-Hoc|iPhone
		{2B206C26-72E3-4488-9162-C3B4A8999237}.Ad-Hoc|iPhone.ActiveCfg = Ad-Hoc|iPhone
		{2B206C26-72E3-4488-9162-C3B4A8999237}.Ad-Hoc|iPhone.Build.0 = Ad-Hoc|iPhone
		{2B206C26-72E3-4488-9162-C3B4A8999237}.Ad-Hoc|iPhone.Deploy.0 = Ad-Hoc|iPhone
		{2B206C26-72E3-4488-9162-C3B4A8999237}.Ad-Hoc|iPhoneSimulator.ActiveCfg = Ad-Hoc|iPhoneSimulator
		{2B206C26-72E3-4488-9162-C3B4A8999237}.Ad-Hoc|iPhoneSimulator.Build.0 = Ad-Hoc|iPhoneSimulator
		{2B206C26-72E3-4488-9162-C3B4A8999237}.Ad-Hoc|iPhoneSimulator.Deploy.0 = Ad-Hoc|iPhoneSimulator
		{2B206C26-72E3-4488-9162-C3B4A8999237}.Ad-Hoc|x64.ActiveCfg = Ad-Hoc|iPhone
		{2B206C26-72E3-4488-9162-C3B4A8999237}.Ad-Hoc|x64.Build.0 = Ad-Hoc|iPhone
		{2B206C26-72E3-4488-9162-C3B4A8999237}.Ad-Hoc|x64.Deploy.0 = Ad-Hoc|iPhone
		{2B206C26-72E3-4488-9162-C3B4A8999237}.Ad-Hoc|x86.ActiveCfg = Ad-Hoc|iPhone
		{2B206C26-72E3-4488-9162-C3B4A8999237}.Ad-Hoc|x86.Build.0 = Ad-Hoc|iPhone
		{2B206C26-72E3-4488-9162-C3B4A8999237}.Ad-Hoc|x86.Deploy.0 = Ad-Hoc|iPhone
		{2B206C26-72E3-4488-9162-C3B4A8999237}.AppStore|Any CPU.ActiveCfg = AppStore|iPhone
		{2B206C26-72E3-4488-9162-C3B4A8999237}.AppStore|Any CPU.Build.0 = AppStore|iPhone
		{2B206C26-72E3-4488-9162-C3B4A8999237}.AppStore|Any CPU.Deploy.0 = AppStore|iPhone
		{2B206C26-72E3-4488-9162-C3B4A8999237}.AppStore|ARM.ActiveCfg = AppStore|iPhone
		{2B206C26-72E3-4488-9162-C3B4A8999237}.AppStore|ARM.Build.0 = AppStore|iPhone
		{2B206C26-72E3-4488-9162-C3B4A8999237}.AppStore|ARM.Deploy.0 = AppStore|iPhone
		{2B206C26-72E3-4488-9162-C3B4A8999237}.AppStore|iPhone.ActiveCfg = AppStore|iPhone
		{2B206C26-72E3-4488-9162-C3B4A8999237}.AppStore|iPhone.Build.0 = AppStore|iPhone
		{2B206C26-72E3-4488-9162-C3B4A8999237}.AppStore|iPhone.Deploy.0 = AppStore|iPhone
		{2B206C26-72E3-4488-9162-C3B4A8999237}.AppStore|iPhoneSimulator.ActiveCfg = AppStore|iPhoneSimulator
		{2B206C26-72E3-4488-9162-C3B4A8999237}.AppStore|iPhoneSimulator.Build.0 = AppStore|iPhoneSimulator
		{2B206C26-72E3-4488-9162-C3B4A8999237}.AppStore|iPhoneSimulator.Deploy.0 = AppStore|iPhoneSimulator
		{2B206C26-72E3-4488-9162-C3B4A8999237}.AppStore|x64.ActiveCfg = AppStore|iPhone
		{2B206C26-72E3-4488-9162-C3B4A8999237}.AppStore|x64.Build.0 = AppStore|iPhone
		{2B206C26-72E3-4488-9162-C3B4A8999237}.AppStore|x64.Deploy.0 = AppStore|iPhone
		{2B206C26-72E3-4488-9162-C3B4A8999237}.AppStore|x86.ActiveCfg = AppStore|iPhone
		{2B206C26-72E3-4488-9162-C3B4A8999237}.AppStore|x86.Build.0 = AppStore|iPhone
		{2B206C26-72E3-4488-9162-C3B4A8999237}.AppStore|x86.Deploy.0 = AppStore|iPhone
		{2B206C26-72E3-4488-9162-C3B4A8999237}.Debug|Any CPU.ActiveCfg = Debug|iPhoneSimulator
		{2B206C26-72E3-4488-9162-C3B4A8999237}.Debug|Any CPU.Build.0 = Debug|iPhoneSimulator
		{2B206C26-72E3-4488-9162-C3B4A8999237}.Debug|Any CPU.Deploy.0 = Debug|iPhoneSimulator
		{2B206C26-72E3-4488-9162-C3B4A8999237}.Debug|ARM.ActiveCfg = Debug|iPhone
		{2B206C26-72E3-4488-9162-C3B4A8999237}.Debug|ARM.Build.0 = Debug|iPhone
		{2B206C26-72E3-4488-9162-C3B4A8999237}.Debug|ARM.Deploy.0 = Debug|iPhone
		{2B206C26-72E3-4488-9162-C3B4A8999237}.Debug|iPhone.ActiveCfg = Debug|iPhone
		{2B206C26-72E3-4488-9162-C3B4A8999237}.Debug|iPhone.Build.0 = Debug|iPhone
		{2B206C26-72E3-4488-9162-C3B4A8999237}.Debug|iPhone.Deploy.0 = Debug|iPhone
		{2B206C26-72E3-4488-9162-C3B4A8999237}.Debug|iPhoneSimulator.ActiveCfg = Debug|iPhoneSimulator
		{2B206C26-72E3-4488-9162-C3B4A8999237}.Debug|iPhoneSimulator.Build.0 = Debug|iPhoneSimulator
		{2B206C26-72E3-4488-9162-C3B4A8999237}.Debug|iPhoneSimulator.Deploy.0 = Debug|iPhoneSimulator
		{2B206C26-72E3-4488-9162-C3B4A8999237}.Debug|x64.ActiveCfg = Debug|iPhone
		{2B206C26-72E3-4488-9162-C3B4A8999237}.Debug|x64.Build.0 = Debug|iPhone
		{2B206C26-72E3-4488-9162-C3B4A8999237}.Debug|x64.Deploy.0 = Debug|iPhone
		{2B206C26-72E3-4488-9162-C3B4A8999237}.Debug|x86.ActiveCfg = Debug|iPhone
		{2B206C26-72E3-4488-9162-C3B4A8999237}.Debug|x86.Build.0 = Debug|iPhone
		{2B206C26-72E3-4488-9162-C3B4A8999237}.Debug|x86.Deploy.0 = Debug|iPhone
		{2B206C26-72E3-4488-9162-C3B4A8999237}.Release|Any CPU.ActiveCfg = Release|iPhone
		{2B206C26-72E3-4488-9162-C3B4A8999237}.Release|Any CPU.Build.0 = Release|iPhone
		{2B206C26-72E3-4488-9162-C3B4A8999237}.Release|Any CPU.Deploy.0 = Release|iPhone
		{2B206C26-72E3-4488-9162-C3B4A8999237}.Release|ARM.ActiveCfg = Release|iPhone
		{2B206C26-72E3-4488-9162-C3B4A8999237}.Release|ARM.Build.0 = Release|iPhone
		{2B206C26-72E3-4488-9162-C3B4A8999237}.Release|ARM.Deploy.0 = Release|iPhone
		{2B206C26-72E3-4488-9162-C3B4A8999237}.Release|iPhone.ActiveCfg = Release|iPhone
		{2B206C26-72E3-4488-9162-C3B4A8999237}.Release|iPhone.Build.0 = Release|iPhone
		{2B206C26-72E3-4488-9162-C3B4A8999237}.Release|iPhone.Deploy.0 = Release|iPhone
		{2B206C26-72E3-4488-9162-C3B4A8999237}.Release|iPhoneSimulator.ActiveCfg = Release|iPhoneSimulator
		{2B206C26-72E3-4488-9162-C3B4A8999237}.Release|iPhoneSimulator.Build.0 = Release|iPhoneSimulator
		{2B206C26-72E3-4488-9162-C3B4A8999237}.Release|iPhoneSimulator.Deploy.0 = Release|iPhoneSimulator
		{2B206C26-72E3-4488-9162-C3B4A8999237}.Release|x64.ActiveCfg = Release|iPhone
		{2B206C26-72E3-4488-9162-C3B4A8999237}.Release|x64.Build.0 = Release|iPhone
		{2B206C26-72E3-4488-9162-C3B4A8999237}.Release|x64.Deploy.0 = Release|iPhone
		{2B206C26-72E3-4488-9162-C3B4A8999237}.Release|x86.ActiveCfg = Release|iPhone
		{2B206C26-72E3-4488-9162-C3B4A8999237}.Release|x86.Build.0 = Release|iPhone
		{2B206C26-72E3-4488-9162-C3B4A8999237}.Release|x86.Deploy.0 = Release|iPhone
		{B7F4D50F-9151-41E0-9365-70F094AA6957}.Ad-Hoc|Any CPU.ActiveCfg = Release|x86
		{B7F4D50F-9151-41E0-9365-70F094AA6957}.Ad-Hoc|Any CPU.Build.0 = Release|x86
		{B7F4D50F-9151-41E0-9365-70F094AA6957}.Ad-Hoc|Any CPU.Deploy.0 = Release|x86
		{B7F4D50F-9151-41E0-9365-70F094AA6957}.Ad-Hoc|ARM.ActiveCfg = Release|ARM
		{B7F4D50F-9151-41E0-9365-70F094AA6957}.Ad-Hoc|ARM.Build.0 = Release|ARM
		{B7F4D50F-9151-41E0-9365-70F094AA6957}.Ad-Hoc|ARM.Deploy.0 = Release|ARM
		{B7F4D50F-9151-41E0-9365-70F094AA6957}.Ad-Hoc|iPhone.ActiveCfg = Release|x86
		{B7F4D50F-9151-41E0-9365-70F094AA6957}.Ad-Hoc|iPhone.Build.0 = Release|x86
		{B7F4D50F-9151-41E0-9365-70F094AA6957}.Ad-Hoc|iPhone.Deploy.0 = Release|x86
		{B7F4D50F-9151-41E0-9365-70F094AA6957}.Ad-Hoc|iPhoneSimulator.ActiveCfg = Release|x86
		{B7F4D50F-9151-41E0-9365-70F094AA6957}.Ad-Hoc|iPhoneSimulator.Build.0 = Release|x86
		{B7F4D50F-9151-41E0-9365-70F094AA6957}.Ad-Hoc|iPhoneSimulator.Deploy.0 = Release|x86
		{B7F4D50F-9151-41E0-9365-70F094AA6957}.Ad-Hoc|x64.ActiveCfg = Release|x64
		{B7F4D50F-9151-41E0-9365-70F094AA6957}.Ad-Hoc|x64.Build.0 = Release|x64
		{B7F4D50F-9151-41E0-9365-70F094AA6957}.Ad-Hoc|x64.Deploy.0 = Release|x64
		{B7F4D50F-9151-41E0-9365-70F094AA6957}.Ad-Hoc|x86.ActiveCfg = Release|x86
		{B7F4D50F-9151-41E0-9365-70F094AA6957}.Ad-Hoc|x86.Build.0 = Release|x86
		{B7F4D50F-9151-41E0-9365-70F094AA6957}.Ad-Hoc|x86.Deploy.0 = Release|x86
		{B7F4D50F-9151-41E0-9365-70F094AA6957}.AppStore|Any CPU.ActiveCfg = Release|x86
		{B7F4D50F-9151-41E0-9365-70F094AA6957}.AppStore|Any CPU.Build.0 = Release|x86
		{B7F4D50F-9151-41E0-9365-70F094AA6957}.AppStore|Any CPU.Deploy.0 = Release|x86
		{B7F4D50F-9151-41E0-9365-70F094AA6957}.AppStore|ARM.ActiveCfg = Release|ARM
		{B7F4D50F-9151-41E0-9365-70F094AA6957}.AppStore|ARM.Build.0 = Release|ARM
		{B7F4D50F-9151-41E0-9365-70F094AA6957}.AppStore|ARM.Deploy.0 = Release|ARM
		{B7F4D50F-9151-41E0-9365-70F094AA6957}.AppStore|iPhone.ActiveCfg = Release|x86
		{B7F4D50F-9151-41E0-9365-70F094AA6957}.AppStore|iPhone.Build.0 = Release|x86
		{B7F4D50F-9151-41E0-9365-70F094AA6957}.AppStore|iPhone.Deploy.0 = Release|x86
		{B7F4D50F-9151-41E0-9365-70F094AA6957}.AppStore|iPhoneSimulator.ActiveCfg = Release|x86
		{B7F4D50F-9151-41E0-9365-70F094AA6957}.AppStore|iPhoneSimulator.Build.0 = Release|x86
		{B7F4D50F-9151-41E0-9365-70F094AA6957}.AppStore|iPhoneSimulator.Deploy.0 = Release|x86
		{B7F4D50F-9151-41E0-9365-70F094AA6957}.AppStore|x64.ActiveCfg = Release|x64
		{B7F4D50F-9151-41E0-9365-70F094AA6957}.AppStore|x64.Build.0 = Release|x64
		{B7F4D50F-9151-41E0-9365-70F094AA6957}.AppStore|x64.Deploy.0 = Release|x64
		{B7F4D50F-9151-41E0-9365-70F094AA6957}.AppStore|x86.ActiveCfg = Release|x86
		{B7F4D50F-9151-41E0-9365-70F094AA6957}.AppStore|x86.Build.0 = Release|x86
		{B7F4D50F-9151-41E0-9365-70F094AA6957}.AppStore|x86.Deploy.0 = Release|x86
		{B7F4D50F-9151-41E0-9365-70F094AA6957}.Debug|Any CPU.ActiveCfg = Debug|x86
		{B7F4D50F-9151-41E0-9365-70F094AA6957}.Debug|Any CPU.Build.0 = Debug|x86
		{B7F4D50F-9151-41E0-9365-70F094AA6957}.Debug|Any CPU.Deploy.0 = Debug|x86
		{B7F4D50F-9151-41E0-9365-70F094AA6957}.Debug|ARM.ActiveCfg = Debug|ARM
		{B7F4D50F-9151-41E0-9365-70F094AA6957}.Debug|ARM.Build.0 = Debug|ARM
		{B7F4D50F-9151-41E0-9365-70F094AA6957}.Debug|ARM.Deploy.0 = Debug|ARM
		{B7F4D50F-9151-41E0-9365-70F094AA6957}.Debug|iPhone.ActiveCfg = Debug|x86
		{B7F4D50F-9151-41E0-9365-70F094AA6957}.Debug|iPhone.Build.0 = Debug|x86
		{B7F4D50F-9151-41E0-9365-70F094AA6957}.Debug|iPhone.Deploy.0 = Debug|x86
		{B7F4D50F-9151-41E0-9365-70F094AA6957}.Debug|iPhoneSimulator.ActiveCfg = Debug|x86
		{B7F4D50F-9151-41E0-9365-70F094AA6957}.Debug|iPhoneSimulator.Build.0 = Debug|x86
		{B7F4D50F-9151-41E0-9365-70F094AA6957}.Debug|iPhoneSimulator.Deploy.0 = Debug|x86
		{B7F4D50F-9151-41E0-9365-70F094AA6957}.Debug|x64.ActiveCfg = Debug|x64
		{B7F4D50F-9151-41E0-9365-70F094AA6957}.Debug|x64.Build.0 = Debug|x64
		{B7F4D50F-9151-41E0-9365-70F094AA6957}.Debug|x64.Deploy.0 = Debug|x64
		{B7F4D50F-9151-41E0-9365-70F094AA6957}.Debug|x86.ActiveCfg = Debug|x86
		{B7F4D50F-9151-41E0-9365-70F094AA6957}.Debug|x86.Build.0 = Debug|x86
		{B7F4D50F-9151-41E0-9365-70F094AA6957}.Debug|x86.Deploy.0 = Debug|x86
		{B7F4D50F-9151-41E0-9365-70F094AA6957}.Release|Any CPU.ActiveCfg = Release|x86
		{B7F4D50F-9151-41E0-9365-70F094AA6957}.Release|Any CPU.Build.0 = Release|x86
		{B7F4D50F-9151-41E0-9365-70F094AA6957}.Release|Any CPU.Deploy.0 = Release|x86
		{B7F4D50F-9151-41E0-9365-70F094AA6957}.Release|ARM.ActiveCfg = Release|ARM
		{B7F4D50F-9151-41E0-9365-70F094AA6957}.Release|ARM.Build.0 = Release|ARM
		{B7F4D50F-9151-41E0-9365-70F094AA6957}.Release|ARM.Deploy.0 = Release|ARM
		{B7F4D50F-9151-41E0-9365-70F094AA6957}.Release|iPhone.ActiveCfg = Release|x86
		{B7F4D50F-9151-41E0-9365-70F094AA6957}.Release|iPhone.Build.0 = Release|x86
		{B7F4D50F-9151-41E0-9365-70F094AA6957}.Release|iPhone.Deploy.0 = Release|x86
		{B7F4D50F-9151-41E0-9365-70F094AA6957}.Release|iPhoneSimulator.ActiveCfg = Release|x86
		{B7F4D50F-9151-41E0-9365-70F094AA6957}.Release|iPhoneSimulator.Build.0 = Release|x86
		{B7F4D50F-9151-41E0-9365-70F094AA6957}.Release|iPhoneSimulator.Deploy.0 = Release|x86
		{B7F4D50F-9151-41E0-9365-70F094AA6957}.Release|x64.ActiveCfg = Release|x64
		{B7F4D50F-9151-41E0-9365-70F094AA6957}.Release|x64.Build.0 = Release|x64
		{B7F4D50F-9151-41E0-9365-70F094AA6957}.Release|x64.Deploy.0 = Release|x64
		{B7F4D50F-9151-41E0-9365-70F094AA6957}.Release|x86.ActiveCfg = Release|x86
		{B7F4D50F-9151-41E0-9365-70F094AA6957}.Release|x86.Build.0 = Release|x86
		{B7F4D50F-9151-41E0-9365-70F094AA6957}.Release|x86.Deploy.0 = Release|x86
		{61E4437C-BA1E-4ACF-8074-58696AD73E13}.Ad-Hoc|Any CPU.ActiveCfg = Debug|Any CPU
		{61E4437C-BA1E-4ACF-8074-58696AD73E13}.Ad-Hoc|Any CPU.Build.0 = Debug|Any CPU
		{61E4437C-BA1E-4ACF-8074-58696AD73E13}.Ad-Hoc|Any CPU.Deploy.0 = Debug|Any CPU
		{61E4437C-BA1E-4ACF-8074-58696AD73E13}.Ad-Hoc|ARM.ActiveCfg = Debug|Any CPU
		{61E4437C-BA1E-4ACF-8074-58696AD73E13}.Ad-Hoc|ARM.Build.0 = Debug|Any CPU
		{61E4437C-BA1E-4ACF-8074-58696AD73E13}.Ad-Hoc|ARM.Deploy.0 = Debug|Any CPU
		{61E4437C-BA1E-4ACF-8074-58696AD73E13}.Ad-Hoc|iPhone.ActiveCfg = Debug|Any CPU
		{61E4437C-BA1E-4ACF-8074-58696AD73E13}.Ad-Hoc|iPhone.Build.0 = Debug|Any CPU
		{61E4437C-BA1E-4ACF-8074-58696AD73E13}.Ad-Hoc|iPhone.Deploy.0 = Debug|Any CPU
		{61E4437C-BA1E-4ACF-8074-58696AD73E13}.Ad-Hoc|iPhoneSimulator.ActiveCfg = Debug|Any CPU
		{61E4437C-BA1E-4ACF-8074-58696AD73E13}.Ad-Hoc|iPhoneSimulator.Build.0 = Debug|Any CPU
		{61E4437C-BA1E-4ACF-8074-58696AD73E13}.Ad-Hoc|iPhoneSimulator.Deploy.0 = Debug|Any CPU
		{61E4437C-BA1E-4ACF-8074-58696AD73E13}.Ad-Hoc|x64.ActiveCfg = Debug|Any CPU
		{61E4437C-BA1E-4ACF-8074-58696AD73E13}.Ad-Hoc|x64.Build.0 = Debug|Any CPU
		{61E4437C-BA1E-4ACF-8074-58696AD73E13}.Ad-Hoc|x64.Deploy.0 = Debug|Any CPU
		{61E4437C-BA1E-4ACF-8074-58696AD73E13}.Ad-Hoc|x86.ActiveCfg = Debug|Any CPU
		{61E4437C-BA1E-4ACF-8074-58696AD73E13}.Ad-Hoc|x86.Build.0 = Debug|Any CPU
		{61E4437C-BA1E-4ACF-8074-58696AD73E13}.Ad-Hoc|x86.Deploy.0 = Debug|Any CPU
		{61E4437C-BA1E-4ACF-8074-58696AD73E13}.AppStore|Any CPU.ActiveCfg = Debug|Any CPU
		{61E4437C-BA1E-4ACF-8074-58696AD73E13}.AppStore|Any CPU.Build.0 = Debug|Any CPU
		{61E4437C-BA1E-4ACF-8074-58696AD73E13}.AppStore|Any CPU.Deploy.0 = Debug|Any CPU
		{61E4437C-BA1E-4ACF-8074-58696AD73E13}.AppStore|ARM.ActiveCfg = Debug|Any CPU
		{61E4437C-BA1E-4ACF-8074-58696AD73E13}.AppStore|ARM.Build.0 = Debug|Any CPU
		{61E4437C-BA1E-4ACF-8074-58696AD73E13}.AppStore|ARM.Deploy.0 = Debug|Any CPU
		{61E4437C-BA1E-4ACF-8074-58696AD73E13}.AppStore|iPhone.ActiveCfg = Debug|Any CPU
		{61E4437C-BA1E-4ACF-8074-58696AD73E13}.AppStore|iPhone.Build.0 = Debug|Any CPU
		{61E4437C-BA1E-4ACF-8074-58696AD73E13}.AppStore|iPhone.Deploy.0 = Debug|Any CPU
		{61E4437C-BA1E-4ACF-8074-58696AD73E13}.AppStore|iPhoneSimulator.ActiveCfg = Debug|Any CPU
		{61E4437C-BA1E-4ACF-8074-58696AD73E13}.AppStore|iPhoneSimulator.Build.0 = Debug|Any CPU
		{61E4437C-BA1E-4ACF-8074-58696AD73E13}.AppStore|iPhoneSimulator.Deploy.0 = Debug|Any CPU
		{61E4437C-BA1E-4ACF-8074-58696AD73E13}.AppStore|x64.ActiveCfg = Debug|Any CPU
		{61E4437C-BA1E-4ACF-8074-58696AD73E13}.AppStore|x64.Build.0 = Debug|Any CPU
		{61E4437C-BA1E-4ACF-8074-58696AD73E13}.AppStore|x64.Deploy.0 = Debug|Any CPU
		{61E4437C-BA1E-4ACF-8074-58696AD73E13}.AppStore|x86.ActiveCfg = Debug|Any CPU
		{61E4437C-BA1E-4ACF-8074-58696AD73E13}.AppStore|x86.Build.0 = Debug|Any CPU
		{61E4437C-BA1E-4ACF-8074-58696AD73E13}.AppStore|x86.Deploy.0 = Debug|Any CPU
		{61E4437C-BA1E-4ACF-8074-58696AD73E13}.Debug|Any CPU.ActiveCfg = Debug|Any CPU
		{61E4437C-BA1E-4ACF-8074-58696AD73E13}.Debug|Any CPU.Build.0 = Debug|Any CPU
		{61E4437C-BA1E-4ACF-8074-58696AD73E13}.Debug|Any CPU.Deploy.0 = Debug|Any CPU
		{61E4437C-BA1E-4ACF-8074-58696AD73E13}.Debug|ARM.ActiveCfg = Debug|Any CPU
		{61E4437C-BA1E-4ACF-8074-58696AD73E13}.Debug|ARM.Build.0 = Debug|Any CPU
		{61E4437C-BA1E-4ACF-8074-58696AD73E13}.Debug|ARM.Deploy.0 = Debug|Any CPU
		{61E4437C-BA1E-4ACF-8074-58696AD73E13}.Debug|iPhone.ActiveCfg = Debug|Any CPU
		{61E4437C-BA1E-4ACF-8074-58696AD73E13}.Debug|iPhone.Build.0 = Debug|Any CPU
		{61E4437C-BA1E-4ACF-8074-58696AD73E13}.Debug|iPhone.Deploy.0 = Debug|Any CPU
		{61E4437C-BA1E-4ACF-8074-58696AD73E13}.Debug|iPhoneSimulator.ActiveCfg = Debug|Any CPU
		{61E4437C-BA1E-4ACF-8074-58696AD73E13}.Debug|iPhoneSimulator.Build.0 = Debug|Any CPU
		{61E4437C-BA1E-4ACF-8074-58696AD73E13}.Debug|iPhoneSimulator.Deploy.0 = Debug|Any CPU
		{61E4437C-BA1E-4ACF-8074-58696AD73E13}.Debug|x64.ActiveCfg = Debug|Any CPU
		{61E4437C-BA1E-4ACF-8074-58696AD73E13}.Debug|x64.Build.0 = Debug|Any CPU
		{61E4437C-BA1E-4ACF-8074-58696AD73E13}.Debug|x64.Deploy.0 = Debug|Any CPU
		{61E4437C-BA1E-4ACF-8074-58696AD73E13}.Debug|x86.ActiveCfg = Debug|Any CPU
		{61E4437C-BA1E-4ACF-8074-58696AD73E13}.Debug|x86.Build.0 = Debug|Any CPU
		{61E4437C-BA1E-4ACF-8074-58696AD73E13}.Debug|x86.Deploy.0 = Debug|Any CPU
		{61E4437C-BA1E-4ACF-8074-58696AD73E13}.Release|Any CPU.ActiveCfg = Release|Any CPU
		{61E4437C-BA1E-4ACF-8074-58696AD73E13}.Release|Any CPU.Build.0 = Release|Any CPU
		{61E4437C-BA1E-4ACF-8074-58696AD73E13}.Release|Any CPU.Deploy.0 = Release|Any CPU
		{61E4437C-BA1E-4ACF-8074-58696AD73E13}.Release|ARM.ActiveCfg = Release|Any CPU
		{61E4437C-BA1E-4ACF-8074-58696AD73E13}.Release|ARM.Build.0 = Release|Any CPU
		{61E4437C-BA1E-4ACF-8074-58696AD73E13}.Release|ARM.Deploy.0 = Release|Any CPU
		{61E4437C-BA1E-4ACF-8074-58696AD73E13}.Release|iPhone.ActiveCfg = Release|Any CPU
		{61E4437C-BA1E-4ACF-8074-58696AD73E13}.Release|iPhone.Build.0 = Release|Any CPU
		{61E4437C-BA1E-4ACF-8074-58696AD73E13}.Release|iPhone.Deploy.0 = Release|Any CPU
		{61E4437C-BA1E-4ACF-8074-58696AD73E13}.Release|iPhoneSimulator.ActiveCfg = Release|Any CPU
		{61E4437C-BA1E-4ACF-8074-58696AD73E13}.Release|iPhoneSimulator.Build.0 = Release|Any CPU
		{61E4437C-BA1E-4ACF-8074-58696AD73E13}.Release|iPhoneSimulator.Deploy.0 = Release|Any CPU
		{61E4437C-BA1E-4ACF-8074-58696AD73E13}.Release|x64.ActiveCfg = Release|Any CPU
		{61E4437C-BA1E-4ACF-8074-58696AD73E13}.Release|x64.Build.0 = Release|Any CPU
		{61E4437C-BA1E-4ACF-8074-58696AD73E13}.Release|x64.Deploy.0 = Release|Any CPU
		{61E4437C-BA1E-4ACF-8074-58696AD73E13}.Release|x86.ActiveCfg = Release|Any CPU
		{61E4437C-BA1E-4ACF-8074-58696AD73E13}.Release|x86.Build.0 = Release|Any CPU
		{61E4437C-BA1E-4ACF-8074-58696AD73E13}.Release|x86.Deploy.0 = Release|Any CPU
	EndGlobalSection
	GlobalSection(SolutionProperties) = preSolution
		HideSolutionNode = FALSE
	EndGlobalSection
	GlobalSection(ExtensibilityGlobals) = postSolution
		SolutionGuid = {23271BC8-5A42-4551-95C0-3D0DDCEF6172}
	EndGlobalSection
EndGlobal
