
Microsoft Visual Studio Solution File, Format Version 12.00
# Visual Studio 15
VisualStudioVersion = 15.0.28010.2046
MinimumVisualStudioVersion = 10.0.40219.1
Project("{FAE04EC0-301F-11D3-BF4B-00C04F79EFBC}") = "Ejercicio1.Android", "Ejercicio1\Ejercicio1.Android\Ejercicio1.Android.csproj", "{E7D496D1-5D2E-4B3F-BD5F-1C1EA725ED4D}"
EndProject
Project("{FAE04EC0-301F-11D3-BF4B-00C04F79EFBC}") = "Ejercicio1.iOS", "Ejercicio1\Ejercicio1.iOS\Ejercicio1.iOS.csproj", "{DF571D58-8FE0-42B0-A7E8-00C33091EC40}"
EndProject
Project("{FAE04EC0-301F-11D3-BF4B-00C04F79EFBC}") = "Ejercicio1.UWP", "Ejercicio1\Ejercicio1.UWP\Ejercicio1.UWP.csproj", "{B60A020B-7208-4EBE-8B09-490BB0E71EF8}"
EndProject
Project("{FAE04EC0-301F-11D3-BF4B-00C04F79EFBC}") = "Ejercicio1", "Ejercicio1\Ejercicio1\Ejercicio1.csproj", "{49C7829E-88D0-48C8-B836-D9C49099C25D}"
EndProject
Global
	GlobalSection(SolutionConfigurationPlatforms) = preSolution
		Ad-Hoc|Any CPU = Ad-Hoc|Any CPU
		Ad-Hoc|ARM = Ad-Hoc|ARM
		Ad-Hoc|iPhone = Ad-Hoc|iPhone
		Ad-Hoc|iPhoneSimulator = Ad-Hoc|iPhoneSimulator
		Ad-Hoc|x64 = Ad-Hoc|x64
		Ad-Hoc|x86 = Ad-Hoc|x86
		AppStore|Any CPU = AppStore|Any CPU
		AppStore|ARM = AppStore|ARM
		AppStore|iPhone = AppStore|iPhone
		AppStore|iPhoneSimulator = AppStore|iPhoneSimulator
		AppStore|x64 = AppStore|x64
		AppStore|x86 = AppStore|x86
		Debug|Any CPU = Debug|Any CPU
		Debug|ARM = Debug|ARM
		Debug|iPhone = Debug|iPhone
		Debug|iPhoneSimulator = Debug|iPhoneSimulator
		Debug|x64 = Debug|x64
		Debug|x86 = Debug|x86
		Release|Any CPU = Release|Any CPU
		Release|ARM = Release|ARM
		Release|iPhone = Release|iPhone
		Release|iPhoneSimulator = Release|iPhoneSimulator
		Release|x64 = Release|x64
		Release|x86 = Release|x86
	EndGlobalSection
	GlobalSection(ProjectConfigurationPlatforms) = postSolution
		{E7D496D1-5D2E-4B3F-BD5F-1C1EA725ED4D}.Ad-Hoc|Any CPU.ActiveCfg = Release|Any CPU
		{E7D496D1-5D2E-4B3F-BD5F-1C1EA725ED4D}.Ad-Hoc|Any CPU.Build.0 = Release|Any CPU
		{E7D496D1-5D2E-4B3F-BD5F-1C1EA725ED4D}.Ad-Hoc|Any CPU.Deploy.0 = Release|Any CPU
		{E7D496D1-5D2E-4B3F-BD5F-1C1EA725ED4D}.Ad-Hoc|ARM.ActiveCfg = Release|Any CPU
		{E7D496D1-5D2E-4B3F-BD5F-1C1EA725ED4D}.Ad-Hoc|ARM.Build.0 = Release|Any CPU
		{E7D496D1-5D2E-4B3F-BD5F-1C1EA725ED4D}.Ad-Hoc|ARM.Deploy.0 = Release|Any CPU
		{E7D496D1-5D2E-4B3F-BD5F-1C1EA725ED4D}.Ad-Hoc|iPhone.ActiveCfg = Release|Any CPU
		{E7D496D1-5D2E-4B3F-BD5F-1C1EA725ED4D}.Ad-Hoc|iPhone.Build.0 = Release|Any CPU
		{E7D496D1-5D2E-4B3F-BD5F-1C1EA725ED4D}.Ad-Hoc|iPhone.Deploy.0 = Release|Any CPU
		{E7D496D1-5D2E-4B3F-BD5F-1C1EA725ED4D}.Ad-Hoc|iPhoneSimulator.ActiveCfg = Release|Any CPU
		{E7D496D1-5D2E-4B3F-BD5F-1C1EA725ED4D}.Ad-Hoc|iPhoneSimulator.Build.0 = Release|Any CPU
		{E7D496D1-5D2E-4B3F-BD5F-1C1EA725ED4D}.Ad-Hoc|iPhoneSimulator.Deploy.0 = Release|Any CPU
		{E7D496D1-5D2E-4B3F-BD5F-1C1EA725ED4D}.Ad-Hoc|x64.ActiveCfg = Release|Any CPU
		{E7D496D1-5D2E-4B3F-BD5F-1C1EA725ED4D}.Ad-Hoc|x64.Build.0 = Release|Any CPU
		{E7D496D1-5D2E-4B3F-BD5F-1C1EA725ED4D}.Ad-Hoc|x64.Deploy.0 = Release|Any CPU
		{E7D496D1-5D2E-4B3F-BD5F-1C1EA725ED4D}.Ad-Hoc|x86.ActiveCfg = Release|Any CPU
		{E7D496D1-5D2E-4B3F-BD5F-1C1EA725ED4D}.Ad-Hoc|x86.Build.0 = Release|Any CPU
		{E7D496D1-5D2E-4B3F-BD5F-1C1EA725ED4D}.Ad-Hoc|x86.Deploy.0 = Release|Any CPU
		{E7D496D1-5D2E-4B3F-BD5F-1C1EA725ED4D}.AppStore|Any CPU.ActiveCfg = Release|Any CPU
		{E7D496D1-5D2E-4B3F-BD5F-1C1EA725ED4D}.AppStore|Any CPU.Build.0 = Release|Any CPU
		{E7D496D1-5D2E-4B3F-BD5F-1C1EA725ED4D}.AppStore|Any CPU.Deploy.0 = Release|Any CPU
		{E7D496D1-5D2E-4B3F-BD5F-1C1EA725ED4D}.AppStore|ARM.ActiveCfg = Release|Any CPU
		{E7D496D1-5D2E-4B3F-BD5F-1C1EA725ED4D}.AppStore|ARM.Build.0 = Release|Any CPU
		{E7D496D1-5D2E-4B3F-BD5F-1C1EA725ED4D}.AppStore|ARM.Deploy.0 = Release|Any CPU
		{E7D496D1-5D2E-4B3F-BD5F-1C1EA725ED4D}.AppStore|iPhone.ActiveCfg = Release|Any CPU
		{E7D496D1-5D2E-4B3F-BD5F-1C1EA725ED4D}.AppStore|iPhone.Build.0 = Release|Any CPU
		{E7D496D1-5D2E-4B3F-BD5F-1C1EA725ED4D}.AppStore|iPhone.Deploy.0 = Release|Any CPU
		{E7D496D1-5D2E-4B3F-BD5F-1C1EA725ED4D}.AppStore|iPhoneSimulator.ActiveCfg = Release|Any CPU
		{E7D496D1-5D2E-4B3F-BD5F-1C1EA725ED4D}.AppStore|iPhoneSimulator.Build.0 = Release|Any CPU
		{E7D496D1-5D2E-4B3F-BD5F-1C1EA725ED4D}.AppStore|iPhoneSimulator.Deploy.0 = Release|Any CPU
		{E7D496D1-5D2E-4B3F-BD5F-1C1EA725ED4D}.AppStore|x64.ActiveCfg = Release|Any CPU
		{E7D496D1-5D2E-4B3F-BD5F-1C1EA725ED4D}.AppStore|x64.Build.0 = Release|Any CPU
		{E7D496D1-5D2E-4B3F-BD5F-1C1EA725ED4D}.AppStore|x64.Deploy.0 = Release|Any CPU
		{E7D496D1-5D2E-4B3F-BD5F-1C1EA725ED4D}.AppStore|x86.ActiveCfg = Release|Any CPU
		{E7D496D1-5D2E-4B3F-BD5F-1C1EA725ED4D}.AppStore|x86.Build.0 = Release|Any CPU
		{E7D496D1-5D2E-4B3F-BD5F-1C1EA725ED4D}.AppStore|x86.Deploy.0 = Release|Any CPU
		{E7D496D1-5D2E-4B3F-BD5F-1C1EA725ED4D}.Debug|Any CPU.ActiveCfg = Debug|Any CPU
		{E7D496D1-5D2E-4B3F-BD5F-1C1EA725ED4D}.Debug|Any CPU.Build.0 = Debug|Any CPU
		{E7D496D1-5D2E-4B3F-BD5F-1C1EA725ED4D}.Debug|Any CPU.Deploy.0 = Debug|Any CPU
		{E7D496D1-5D2E-4B3F-BD5F-1C1EA725ED4D}.Debug|ARM.ActiveCfg = Debug|Any CPU
		{E7D496D1-5D2E-4B3F-BD5F-1C1EA725ED4D}.Debug|ARM.Build.0 = Debug|Any CPU
		{E7D496D1-5D2E-4B3F-BD5F-1C1EA725ED4D}.Debug|ARM.Deploy.0 = Debug|Any CPU
		{E7D496D1-5D2E-4B3F-BD5F-1C1EA725ED4D}.Debug|iPhone.ActiveCfg = Debug|Any CPU
		{E7D496D1-5D2E-4B3F-BD5F-1C1EA725ED4D}.Debug|iPhone.Build.0 = Debug|Any CPU
		{E7D496D1-5D2E-4B3F-BD5F-1C1EA725ED4D}.Debug|iPhone.Deploy.0 = Debug|Any CPU
		{E7D496D1-5D2E-4B3F-BD5F-1C1EA725ED4D}.Debug|iPhoneSimulator.ActiveCfg = Debug|Any CPU
		{E7D496D1-5D2E-4B3F-BD5F-1C1EA725ED4D}.Debug|iPhoneSimulator.Build.0 = Debug|Any CPU
		{E7D496D1-5D2E-4B3F-BD5F-1C1EA725ED4D}.Debug|iPhoneSimulator.Deploy.0 = Debug|Any CPU
		{E7D496D1-5D2E-4B3F-BD5F-1C1EA725ED4D}.Debug|x64.ActiveCfg = Debug|Any CPU
		{E7D496D1-5D2E-4B3F-BD5F-1C1EA725ED4D}.Debug|x64.Build.0 = Debug|Any CPU
		{E7D496D1-5D2E-4B3F-BD5F-1C1EA725ED4D}.Debug|x64.Deploy.0 = Debug|Any CPU
		{E7D496D1-5D2E-4B3F-BD5F-1C1EA725ED4D}.Debug|x86.ActiveCfg = Debug|Any CPU
		{E7D496D1-5D2E-4B3F-BD5F-1C1EA725ED4D}.Debug|x86.Build.0 = Debug|Any CPU
		{E7D496D1-5D2E-4B3F-BD5F-1C1EA725ED4D}.Debug|x86.Deploy.0 = Debug|Any CPU
		{E7D496D1-5D2E-4B3F-BD5F-1C1EA725ED4D}.Release|Any CPU.ActiveCfg = Release|Any CPU
		{E7D496D1-5D2E-4B3F-BD5F-1C1EA725ED4D}.Release|Any CPU.Build.0 = Release|Any CPU
		{E7D496D1-5D2E-4B3F-BD5F-1C1EA725ED4D}.Release|Any CPU.Deploy.0 = Release|Any CPU
		{E7D496D1-5D2E-4B3F-BD5F-1C1EA725ED4D}.Release|ARM.ActiveCfg = Release|Any CPU
		{E7D496D1-5D2E-4B3F-BD5F-1C1EA725ED4D}.Release|ARM.Build.0 = Release|Any CPU
		{E7D496D1-5D2E-4B3F-BD5F-1C1EA725ED4D}.Release|ARM.Deploy.0 = Release|Any CPU
		{E7D496D1-5D2E-4B3F-BD5F-1C1EA725ED4D}.Release|iPhone.ActiveCfg = Release|Any CPU
		{E7D496D1-5D2E-4B3F-BD5F-1C1EA725ED4D}.Release|iPhone.Build.0 = Release|Any CPU
		{E7D496D1-5D2E-4B3F-BD5F-1C1EA725ED4D}.Release|iPhone.Deploy.0 = Release|Any CPU
		{E7D496D1-5D2E-4B3F-BD5F-1C1EA725ED4D}.Release|iPhoneSimulator.ActiveCfg = Release|Any CPU
		{E7D496D1-5D2E-4B3F-BD5F-1C1EA725ED4D}.Release|iPhoneSimulator.Build.0 = Release|Any CPU
		{E7D496D1-5D2E-4B3F-BD5F-1C1EA725ED4D}.Release|iPhoneSimulator.Deploy.0 = Release|Any CPU
		{E7D496D1-5D2E-4B3F-BD5F-1C1EA725ED4D}.Release|x64.ActiveCfg = Release|Any CPU
		{E7D496D1-5D2E-4B3F-BD5F-1C1EA725ED4D}.Release|x64.Build.0 = Release|Any CPU
		{E7D496D1-5D2E-4B3F-BD5F-1C1EA725ED4D}.Release|x64.Deploy.0 = Release|Any CPU
		{E7D496D1-5D2E-4B3F-BD5F-1C1EA725ED4D}.Release|x86.ActiveCfg = Release|Any CPU
		{E7D496D1-5D2E-4B3F-BD5F-1C1EA725ED4D}.Release|x86.Build.0 = Release|Any CPU
		{E7D496D1-5D2E-4B3F-BD5F-1C1EA725ED4D}.Release|x86.Deploy.0 = Release|Any CPU
		{DF571D58-8FE0-42B0-A7E8-00C33091EC40}.Ad-Hoc|Any CPU.ActiveCfg = Ad-Hoc|iPhone
		{DF571D58-8FE0-42B0-A7E8-00C33091EC40}.Ad-Hoc|Any CPU.Build.0 = Ad-Hoc|iPhone
		{DF571D58-8FE0-42B0-A7E8-00C33091EC40}.Ad-Hoc|Any CPU.Deploy.0 = Ad-Hoc|iPhone
		{DF571D58-8FE0-42B0-A7E8-00C33091EC40}.Ad-Hoc|ARM.ActiveCfg = Ad-Hoc|iPhone
		{DF571D58-8FE0-42B0-A7E8-00C33091EC40}.Ad-Hoc|ARM.Build.0 = Ad-Hoc|iPhone
		{DF571D58-8FE0-42B0-A7E8-00C33091EC40}.Ad-Hoc|ARM.Deploy.0 = Ad-Hoc|iPhone
		{DF571D58-8FE0-42B0-A7E8-00C33091EC40}.Ad-Hoc|iPhone.ActiveCfg = Ad-Hoc|iPhone
		{DF571D58-8FE0-42B0-A7E8-00C33091EC40}.Ad-Hoc|iPhone.Build.0 = Ad-Hoc|iPhone
		{DF571D58-8FE0-42B0-A7E8-00C33091EC40}.Ad-Hoc|iPhone.Deploy.0 = Ad-Hoc|iPhone
		{DF571D58-8FE0-42B0-A7E8-00C33091EC40}.Ad-Hoc|iPhoneSimulator.ActiveCfg = Ad-Hoc|iPhoneSimulator
		{DF571D58-8FE0-42B0-A7E8-00C33091EC40}.Ad-Hoc|iPhoneSimulator.Build.0 = Ad-Hoc|iPhoneSimulator
		{DF571D58-8FE0-42B0-A7E8-00C33091EC40}.Ad-Hoc|iPhoneSimulator.Deploy.0 = Ad-Hoc|iPhoneSimulator
		{DF571D58-8FE0-42B0-A7E8-00C33091EC40}.Ad-Hoc|x64.ActiveCfg = Ad-Hoc|iPhone
		{DF571D58-8FE0-42B0-A7E8-00C33091EC40}.Ad-Hoc|x64.Build.0 = Ad-Hoc|iPhone
		{DF571D58-8FE0-42B0-A7E8-00C33091EC40}.Ad-Hoc|x64.Deploy.0 = Ad-Hoc|iPhone
		{DF571D58-8FE0-42B0-A7E8-00C33091EC40}.Ad-Hoc|x86.ActiveCfg = Ad-Hoc|iPhone
		{DF571D58-8FE0-42B0-A7E8-00C33091EC40}.Ad-Hoc|x86.Build.0 = Ad-Hoc|iPhone
		{DF571D58-8FE0-42B0-A7E8-00C33091EC40}.Ad-Hoc|x86.Deploy.0 = Ad-Hoc|iPhone
		{DF571D58-8FE0-42B0-A7E8-00C33091EC40}.AppStore|Any CPU.ActiveCfg = AppStore|iPhone
		{DF571D58-8FE0-42B0-A7E8-00C33091EC40}.AppStore|Any CPU.Build.0 = AppStore|iPhone
		{DF571D58-8FE0-42B0-A7E8-00C33091EC40}.AppStore|Any CPU.Deploy.0 = AppStore|iPhone
		{DF571D58-8FE0-42B0-A7E8-00C33091EC40}.AppStore|ARM.ActiveCfg = AppStore|iPhone
		{DF571D58-8FE0-42B0-A7E8-00C33091EC40}.AppStore|ARM.Build.0 = AppStore|iPhone
		{DF571D58-8FE0-42B0-A7E8-00C33091EC40}.AppStore|ARM.Deploy.0 = AppStore|iPhone
		{DF571D58-8FE0-42B0-A7E8-00C33091EC40}.AppStore|iPhone.ActiveCfg = AppStore|iPhone
		{DF571D58-8FE0-42B0-A7E8-00C33091EC40}.AppStore|iPhone.Build.0 = AppStore|iPhone
		{DF571D58-8FE0-42B0-A7E8-00C33091EC40}.AppStore|iPhone.Deploy.0 = AppStore|iPhone
		{DF571D58-8FE0-42B0-A7E8-00C33091EC40}.AppStore|iPhoneSimulator.ActiveCfg = AppStore|iPhoneSimulator
		{DF571D58-8FE0-42B0-A7E8-00C33091EC40}.AppStore|iPhoneSimulator.Build.0 = AppStore|iPhoneSimulator
		{DF571D58-8FE0-42B0-A7E8-00C33091EC40}.AppStore|iPhoneSimulator.Deploy.0 = AppStore|iPhoneSimulator
		{DF571D58-8FE0-42B0-A7E8-00C33091EC40}.AppStore|x64.ActiveCfg = AppStore|iPhone
		{DF571D58-8FE0-42B0-A7E8-00C33091EC40}.AppStore|x64.Build.0 = AppStore|iPhone
		{DF571D58-8FE0-42B0-A7E8-00C33091EC40}.AppStore|x64.Deploy.0 = AppStore|iPhone
		{DF571D58-8FE0-42B0-A7E8-00C33091EC40}.AppStore|x86.ActiveCfg = AppStore|iPhone
		{DF571D58-8FE0-42B0-A7E8-00C33091EC40}.AppStore|x86.Build.0 = AppStore|iPhone
		{DF571D58-8FE0-42B0-A7E8-00C33091EC40}.AppStore|x86.Deploy.0 = AppStore|iPhone
		{DF571D58-8FE0-42B0-A7E8-00C33091EC40}.Debug|Any CPU.ActiveCfg = Debug|iPhoneSimulator
		{DF571D58-8FE0-42B0-A7E8-00C33091EC40}.Debug|Any CPU.Build.0 = Debug|iPhoneSimulator
		{DF571D58-8FE0-42B0-A7E8-00C33091EC40}.Debug|Any CPU.Deploy.0 = Debug|iPhoneSimulator
		{DF571D58-8FE0-42B0-A7E8-00C33091EC40}.Debug|ARM.ActiveCfg = Debug|iPhone
		{DF571D58-8FE0-42B0-A7E8-00C33091EC40}.Debug|ARM.Build.0 = Debug|iPhone
		{DF571D58-8FE0-42B0-A7E8-00C33091EC40}.Debug|ARM.Deploy.0 = Debug|iPhone
		{DF571D58-8FE0-42B0-A7E8-00C33091EC40}.Debug|iPhone.ActiveCfg = Debug|iPhone
		{DF571D58-8FE0-42B0-A7E8-00C33091EC40}.Debug|iPhone.Build.0 = Debug|iPhone
		{DF571D58-8FE0-42B0-A7E8-00C33091EC40}.Debug|iPhone.Deploy.0 = Debug|iPhone
		{DF571D58-8FE0-42B0-A7E8-00C33091EC40}.Debug|iPhoneSimulator.ActiveCfg = Debug|iPhoneSimulator
		{DF571D58-8FE0-42B0-A7E8-00C33091EC40}.Debug|iPhoneSimulator.Build.0 = Debug|iPhoneSimulator
		{DF571D58-8FE0-42B0-A7E8-00C33091EC40}.Debug|iPhoneSimulator.Deploy.0 = Debug|iPhoneSimulator
		{DF571D58-8FE0-42B0-A7E8-00C33091EC40}.Debug|x64.ActiveCfg = Debug|iPhone
		{DF571D58-8FE0-42B0-A7E8-00C33091EC40}.Debug|x64.Build.0 = Debug|iPhone
		{DF571D58-8FE0-42B0-A7E8-00C33091EC40}.Debug|x64.Deploy.0 = Debug|iPhone
		{DF571D58-8FE0-42B0-A7E8-00C33091EC40}.Debug|x86.ActiveCfg = Debug|iPhone
		{DF571D58-8FE0-42B0-A7E8-00C33091EC40}.Debug|x86.Build.0 = Debug|iPhone
		{DF571D58-8FE0-42B0-A7E8-00C33091EC40}.Debug|x86.Deploy.0 = Debug|iPhone
		{DF571D58-8FE0-42B0-A7E8-00C33091EC40}.Release|Any CPU.ActiveCfg = Release|iPhone
		{DF571D58-8FE0-42B0-A7E8-00C33091EC40}.Release|Any CPU.Build.0 = Release|iPhone
		{DF571D58-8FE0-42B0-A7E8-00C33091EC40}.Release|Any CPU.Deploy.0 = Release|iPhone
		{DF571D58-8FE0-42B0-A7E8-00C33091EC40}.Release|ARM.ActiveCfg = Release|iPhone
		{DF571D58-8FE0-42B0-A7E8-00C33091EC40}.Release|ARM.Build.0 = Release|iPhone
		{DF571D58-8FE0-42B0-A7E8-00C33091EC40}.Release|ARM.Deploy.0 = Release|iPhone
		{DF571D58-8FE0-42B0-A7E8-00C33091EC40}.Release|iPhone.ActiveCfg = Release|iPhone
		{DF571D58-8FE0-42B0-A7E8-00C33091EC40}.Release|iPhone.Build.0 = Release|iPhone
		{DF571D58-8FE0-42B0-A7E8-00C33091EC40}.Release|iPhone.Deploy.0 = Release|iPhone
		{DF571D58-8FE0-42B0-A7E8-00C33091EC40}.Release|iPhoneSimulator.ActiveCfg = Release|iPhoneSimulator
		{DF571D58-8FE0-42B0-A7E8-00C33091EC40}.Release|iPhoneSimulator.Build.0 = Release|iPhoneSimulator
		{DF571D58-8FE0-42B0-A7E8-00C33091EC40}.Release|iPhoneSimulator.Deploy.0 = Release|iPhoneSimulator
		{DF571D58-8FE0-42B0-A7E8-00C33091EC40}.Release|x64.ActiveCfg = Release|iPhone
		{DF571D58-8FE0-42B0-A7E8-00C33091EC40}.Release|x64.Build.0 = Release|iPhone
		{DF571D58-8FE0-42B0-A7E8-00C33091EC40}.Release|x64.Deploy.0 = Release|iPhone
		{DF571D58-8FE0-42B0-A7E8-00C33091EC40}.Release|x86.ActiveCfg = Release|iPhone
		{DF571D58-8FE0-42B0-A7E8-00C33091EC40}.Release|x86.Build.0 = Release|iPhone
		{DF571D58-8FE0-42B0-A7E8-00C33091EC40}.Release|x86.Deploy.0 = Release|iPhone
		{B60A020B-7208-4EBE-8B09-490BB0E71EF8}.Ad-Hoc|Any CPU.ActiveCfg = Release|x86
		{B60A020B-7208-4EBE-8B09-490BB0E71EF8}.Ad-Hoc|Any CPU.Build.0 = Release|x86
		{B60A020B-7208-4EBE-8B09-490BB0E71EF8}.Ad-Hoc|Any CPU.Deploy.0 = Release|x86
		{B60A020B-7208-4EBE-8B09-490BB0E71EF8}.Ad-Hoc|ARM.ActiveCfg = Release|ARM
		{B60A020B-7208-4EBE-8B09-490BB0E71EF8}.Ad-Hoc|ARM.Build.0 = Release|ARM
		{B60A020B-7208-4EBE-8B09-490BB0E71EF8}.Ad-Hoc|ARM.Deploy.0 = Release|ARM
		{B60A020B-7208-4EBE-8B09-490BB0E71EF8}.Ad-Hoc|iPhone.ActiveCfg = Release|x86
		{B60A020B-7208-4EBE-8B09-490BB0E71EF8}.Ad-Hoc|iPhone.Build.0 = Release|x86
		{B60A020B-7208-4EBE-8B09-490BB0E71EF8}.Ad-Hoc|iPhone.Deploy.0 = Release|x86
		{B60A020B-7208-4EBE-8B09-490BB0E71EF8}.Ad-Hoc|iPhoneSimulator.ActiveCfg = Release|x86
		{B60A020B-7208-4EBE-8B09-490BB0E71EF8}.Ad-Hoc|iPhoneSimulator.Build.0 = Release|x86
		{B60A020B-7208-4EBE-8B09-490BB0E71EF8}.Ad-Hoc|iPhoneSimulator.Deploy.0 = Release|x86
		{B60A020B-7208-4EBE-8B09-490BB0E71EF8}.Ad-Hoc|x64.ActiveCfg = Release|x64
		{B60A020B-7208-4EBE-8B09-490BB0E71EF8}.Ad-Hoc|x64.Build.0 = Release|x64
		{B60A020B-7208-4EBE-8B09-490BB0E71EF8}.Ad-Hoc|x64.Deploy.0 = Release|x64
		{B60A020B-7208-4EBE-8B09-490BB0E71EF8}.Ad-Hoc|x86.ActiveCfg = Release|x86
		{B60A020B-7208-4EBE-8B09-490BB0E71EF8}.Ad-Hoc|x86.Build.0 = Release|x86
		{B60A020B-7208-4EBE-8B09-490BB0E71EF8}.Ad-Hoc|x86.Deploy.0 = Release|x86
		{B60A020B-7208-4EBE-8B09-490BB0E71EF8}.AppStore|Any CPU.ActiveCfg = Release|x86
		{B60A020B-7208-4EBE-8B09-490BB0E71EF8}.AppStore|Any CPU.Build.0 = Release|x86
		{B60A020B-7208-4EBE-8B09-490BB0E71EF8}.AppStore|Any CPU.Deploy.0 = Release|x86
		{B60A020B-7208-4EBE-8B09-490BB0E71EF8}.AppStore|ARM.ActiveCfg = Release|ARM
		{B60A020B-7208-4EBE-8B09-490BB0E71EF8}.AppStore|ARM.Build.0 = Release|ARM
		{B60A020B-7208-4EBE-8B09-490BB0E71EF8}.AppStore|ARM.Deploy.0 = Release|ARM
		{B60A020B-7208-4EBE-8B09-490BB0E71EF8}.AppStore|iPhone.ActiveCfg = Release|x86
		{B60A020B-7208-4EBE-8B09-490BB0E71EF8}.AppStore|iPhone.Build.0 = Release|x86
		{B60A020B-7208-4EBE-8B09-490BB0E71EF8}.AppStore|iPhone.Deploy.0 = Release|x86
		{B60A020B-7208-4EBE-8B09-490BB0E71EF8}.AppStore|iPhoneSimulator.ActiveCfg = Release|x86
		{B60A020B-7208-4EBE-8B09-490BB0E71EF8}.AppStore|iPhoneSimulator.Build.0 = Release|x86
		{B60A020B-7208-4EBE-8B09-490BB0E71EF8}.AppStore|iPhoneSimulator.Deploy.0 = Release|x86
		{B60A020B-7208-4EBE-8B09-490BB0E71EF8}.AppStore|x64.ActiveCfg = Release|x64
		{B60A020B-7208-4EBE-8B09-490BB0E71EF8}.AppStore|x64.Build.0 = Release|x64
		{B60A020B-7208-4EBE-8B09-490BB0E71EF8}.AppStore|x64.Deploy.0 = Release|x64
		{B60A020B-7208-4EBE-8B09-490BB0E71EF8}.AppStore|x86.ActiveCfg = Release|x86
		{B60A020B-7208-4EBE-8B09-490BB0E71EF8}.AppStore|x86.Build.0 = Release|x86
		{B60A020B-7208-4EBE-8B09-490BB0E71EF8}.AppStore|x86.Deploy.0 = Release|x86
		{B60A020B-7208-4EBE-8B09-490BB0E71EF8}.Debug|Any CPU.ActiveCfg = Debug|x86
		{B60A020B-7208-4EBE-8B09-490BB0E71EF8}.Debug|Any CPU.Build.0 = Debug|x86
		{B60A020B-7208-4EBE-8B09-490BB0E71EF8}.Debug|Any CPU.Deploy.0 = Debug|x86
		{B60A020B-7208-4EBE-8B09-490BB0E71EF8}.Debug|ARM.ActiveCfg = Debug|ARM
		{B60A020B-7208-4EBE-8B09-490BB0E71EF8}.Debug|ARM.Build.0 = Debug|ARM
		{B60A020B-7208-4EBE-8B09-490BB0E71EF8}.Debug|ARM.Deploy.0 = Debug|ARM
		{B60A020B-7208-4EBE-8B09-490BB0E71EF8}.Debug|iPhone.ActiveCfg = Debug|x86
		{B60A020B-7208-4EBE-8B09-490BB0E71EF8}.Debug|iPhone.Build.0 = Debug|x86
		{B60A020B-7208-4EBE-8B09-490BB0E71EF8}.Debug|iPhone.Deploy.0 = Debug|x86
		{B60A020B-7208-4EBE-8B09-490BB0E71EF8}.Debug|iPhoneSimulator.ActiveCfg = Debug|x86
		{B60A020B-7208-4EBE-8B09-490BB0E71EF8}.Debug|iPhoneSimulator.Build.0 = Debug|x86
		{B60A020B-7208-4EBE-8B09-490BB0E71EF8}.Debug|iPhoneSimulator.Deploy.0 = Debug|x86
		{B60A020B-7208-4EBE-8B09-490BB0E71EF8}.Debug|x64.ActiveCfg = Debug|x64
		{B60A020B-7208-4EBE-8B09-490BB0E71EF8}.Debug|x64.Build.0 = Debug|x64
		{B60A020B-7208-4EBE-8B09-490BB0E71EF8}.Debug|x64.Deploy.0 = Debug|x64
		{B60A020B-7208-4EBE-8B09-490BB0E71EF8}.Debug|x86.ActiveCfg = Debug|x86
		{B60A020B-7208-4EBE-8B09-490BB0E71EF8}.Debug|x86.Build.0 = Debug|x86
		{B60A020B-7208-4EBE-8B09-490BB0E71EF8}.Debug|x86.Deploy.0 = Debug|x86
		{B60A020B-7208-4EBE-8B09-490BB0E71EF8}.Release|Any CPU.ActiveCfg = Release|x86
		{B60A020B-7208-4EBE-8B09-490BB0E71EF8}.Release|Any CPU.Build.0 = Release|x86
		{B60A020B-7208-4EBE-8B09-490BB0E71EF8}.Release|Any CPU.Deploy.0 = Release|x86
		{B60A020B-7208-4EBE-8B09-490BB0E71EF8}.Release|ARM.ActiveCfg = Release|ARM
		{B60A020B-7208-4EBE-8B09-490BB0E71EF8}.Release|ARM.Build.0 = Release|ARM
		{B60A020B-7208-4EBE-8B09-490BB0E71EF8}.Release|ARM.Deploy.0 = Release|ARM
		{B60A020B-7208-4EBE-8B09-490BB0E71EF8}.Release|iPhone.ActiveCfg = Release|x86
		{B60A020B-7208-4EBE-8B09-490BB0E71EF8}.Release|iPhone.Build.0 = Release|x86
		{B60A020B-7208-4EBE-8B09-490BB0E71EF8}.Release|iPhone.Deploy.0 = Release|x86
		{B60A020B-7208-4EBE-8B09-490BB0E71EF8}.Release|iPhoneSimulator.ActiveCfg = Release|x86
		{B60A020B-7208-4EBE-8B09-490BB0E71EF8}.Release|iPhoneSimulator.Build.0 = Release|x86
		{B60A020B-7208-4EBE-8B09-490BB0E71EF8}.Release|iPhoneSimulator.Deploy.0 = Release|x86
		{B60A020B-7208-4EBE-8B09-490BB0E71EF8}.Release|x64.ActiveCfg = Release|x64
		{B60A020B-7208-4EBE-8B09-490BB0E71EF8}.Release|x64.Build.0 = Release|x64
		{B60A020B-7208-4EBE-8B09-490BB0E71EF8}.Release|x64.Deploy.0 = Release|x64
		{B60A020B-7208-4EBE-8B09-490BB0E71EF8}.Release|x86.ActiveCfg = Release|x86
		{B60A020B-7208-4EBE-8B09-490BB0E71EF8}.Release|x86.Build.0 = Release|x86
		{B60A020B-7208-4EBE-8B09-490BB0E71EF8}.Release|x86.Deploy.0 = Release|x86
		{49C7829E-88D0-48C8-B836-D9C49099C25D}.Ad-Hoc|Any CPU.ActiveCfg = Debug|Any CPU
		{49C7829E-88D0-48C8-B836-D9C49099C25D}.Ad-Hoc|Any CPU.Build.0 = Debug|Any CPU
		{49C7829E-88D0-48C8-B836-D9C49099C25D}.Ad-Hoc|Any CPU.Deploy.0 = Debug|Any CPU
		{49C7829E-88D0-48C8-B836-D9C49099C25D}.Ad-Hoc|ARM.ActiveCfg = Debug|Any CPU
		{49C7829E-88D0-48C8-B836-D9C49099C25D}.Ad-Hoc|ARM.Build.0 = Debug|Any CPU
		{49C7829E-88D0-48C8-B836-D9C49099C25D}.Ad-Hoc|ARM.Deploy.0 = Debug|Any CPU
		{49C7829E-88D0-48C8-B836-D9C49099C25D}.Ad-Hoc|iPhone.ActiveCfg = Debug|Any CPU
		{49C7829E-88D0-48C8-B836-D9C49099C25D}.Ad-Hoc|iPhone.Build.0 = Debug|Any CPU
		{49C7829E-88D0-48C8-B836-D9C49099C25D}.Ad-Hoc|iPhone.Deploy.0 = Debug|Any CPU
		{49C7829E-88D0-48C8-B836-D9C49099C25D}.Ad-Hoc|iPhoneSimulator.ActiveCfg = Debug|Any CPU
		{49C7829E-88D0-48C8-B836-D9C49099C25D}.Ad-Hoc|iPhoneSimulator.Build.0 = Debug|Any CPU
		{49C7829E-88D0-48C8-B836-D9C49099C25D}.Ad-Hoc|iPhoneSimulator.Deploy.0 = Debug|Any CPU
		{49C7829E-88D0-48C8-B836-D9C49099C25D}.Ad-Hoc|x64.ActiveCfg = Debug|Any CPU
		{49C7829E-88D0-48C8-B836-D9C49099C25D}.Ad-Hoc|x64.Build.0 = Debug|Any CPU
		{49C7829E-88D0-48C8-B836-D9C49099C25D}.Ad-Hoc|x64.Deploy.0 = Debug|Any CPU
		{49C7829E-88D0-48C8-B836-D9C49099C25D}.Ad-Hoc|x86.ActiveCfg = Debug|Any CPU
		{49C7829E-88D0-48C8-B836-D9C49099C25D}.Ad-Hoc|x86.Build.0 = Debug|Any CPU
		{49C7829E-88D0-48C8-B836-D9C49099C25D}.Ad-Hoc|x86.Deploy.0 = Debug|Any CPU
		{49C7829E-88D0-48C8-B836-D9C49099C25D}.AppStore|Any CPU.ActiveCfg = Debug|Any CPU
		{49C7829E-88D0-48C8-B836-D9C49099C25D}.AppStore|Any CPU.Build.0 = Debug|Any CPU
		{49C7829E-88D0-48C8-B836-D9C49099C25D}.AppStore|Any CPU.Deploy.0 = Debug|Any CPU
		{49C7829E-88D0-48C8-B836-D9C49099C25D}.AppStore|ARM.ActiveCfg = Debug|Any CPU
		{49C7829E-88D0-48C8-B836-D9C49099C25D}.AppStore|ARM.Build.0 = Debug|Any CPU
		{49C7829E-88D0-48C8-B836-D9C49099C25D}.AppStore|ARM.Deploy.0 = Debug|Any CPU
		{49C7829E-88D0-48C8-B836-D9C49099C25D}.AppStore|iPhone.ActiveCfg = Debug|Any CPU
		{49C7829E-88D0-48C8-B836-D9C49099C25D}.AppStore|iPhone.Build.0 = Debug|Any CPU
		{49C7829E-88D0-48C8-B836-D9C49099C25D}.AppStore|iPhone.Deploy.0 = Debug|Any CPU
		{49C7829E-88D0-48C8-B836-D9C49099C25D}.AppStore|iPhoneSimulator.ActiveCfg = Debug|Any CPU
		{49C7829E-88D0-48C8-B836-D9C49099C25D}.AppStore|iPhoneSimulator.Build.0 = Debug|Any CPU
		{49C7829E-88D0-48C8-B836-D9C49099C25D}.AppStore|iPhoneSimulator.Deploy.0 = Debug|Any CPU
		{49C7829E-88D0-48C8-B836-D9C49099C25D}.AppStore|x64.ActiveCfg = Debug|Any CPU
		{49C7829E-88D0-48C8-B836-D9C49099C25D}.AppStore|x64.Build.0 = Debug|Any CPU
		{49C7829E-88D0-48C8-B836-D9C49099C25D}.AppStore|x64.Deploy.0 = Debug|Any CPU
		{49C7829E-88D0-48C8-B836-D9C49099C25D}.AppStore|x86.ActiveCfg = Debug|Any CPU
		{49C7829E-88D0-48C8-B836-D9C49099C25D}.AppStore|x86.Build.0 = Debug|Any CPU
		{49C7829E-88D0-48C8-B836-D9C49099C25D}.AppStore|x86.Deploy.0 = Debug|Any CPU
		{49C7829E-88D0-48C8-B836-D9C49099C25D}.Debug|Any CPU.ActiveCfg = Debug|Any CPU
		{49C7829E-88D0-48C8-B836-D9C49099C25D}.Debug|Any CPU.Build.0 = Debug|Any CPU
		{49C7829E-88D0-48C8-B836-D9C49099C25D}.Debug|Any CPU.Deploy.0 = Debug|Any CPU
		{49C7829E-88D0-48C8-B836-D9C49099C25D}.Debug|ARM.ActiveCfg = Debug|Any CPU
		{49C7829E-88D0-48C8-B836-D9C49099C25D}.Debug|ARM.Build.0 = Debug|Any CPU
		{49C7829E-88D0-48C8-B836-D9C49099C25D}.Debug|ARM.Deploy.0 = Debug|Any CPU
		{49C7829E-88D0-48C8-B836-D9C49099C25D}.Debug|iPhone.ActiveCfg = Debug|Any CPU
		{49C7829E-88D0-48C8-B836-D9C49099C25D}.Debug|iPhone.Build.0 = Debug|Any CPU
		{49C7829E-88D0-48C8-B836-D9C49099C25D}.Debug|iPhone.Deploy.0 = Debug|Any CPU
		{49C7829E-88D0-48C8-B836-D9C49099C25D}.Debug|iPhoneSimulator.ActiveCfg = Debug|Any CPU
		{49C7829E-88D0-48C8-B836-D9C49099C25D}.Debug|iPhoneSimulator.Build.0 = Debug|Any CPU
		{49C7829E-88D0-48C8-B836-D9C49099C25D}.Debug|iPhoneSimulator.Deploy.0 = Debug|Any CPU
		{49C7829E-88D0-48C8-B836-D9C49099C25D}.Debug|x64.ActiveCfg = Debug|Any CPU
		{49C7829E-88D0-48C8-B836-D9C49099C25D}.Debug|x64.Build.0 = Debug|Any CPU
		{49C7829E-88D0-48C8-B836-D9C49099C25D}.Debug|x64.Deploy.0 = Debug|Any CPU
		{49C7829E-88D0-48C8-B836-D9C49099C25D}.Debug|x86.ActiveCfg = Debug|Any CPU
		{49C7829E-88D0-48C8-B836-D9C49099C25D}.Debug|x86.Build.0 = Debug|Any CPU
		{49C7829E-88D0-48C8-B836-D9C49099C25D}.Debug|x86.Deploy.0 = Debug|Any CPU
		{49C7829E-88D0-48C8-B836-D9C49099C25D}.Release|Any CPU.ActiveCfg = Release|Any CPU
		{49C7829E-88D0-48C8-B836-D9C49099C25D}.Release|Any CPU.Build.0 = Release|Any CPU
		{49C7829E-88D0-48C8-B836-D9C49099C25D}.Release|Any CPU.Deploy.0 = Release|Any CPU
		{49C7829E-88D0-48C8-B836-D9C49099C25D}.Release|ARM.ActiveCfg = Release|Any CPU
		{49C7829E-88D0-48C8-B836-D9C49099C25D}.Release|ARM.Build.0 = Release|Any CPU
		{49C7829E-88D0-48C8-B836-D9C49099C25D}.Release|ARM.Deploy.0 = Release|Any CPU
		{49C7829E-88D0-48C8-B836-D9C49099C25D}.Release|iPhone.ActiveCfg = Release|Any CPU
		{49C7829E-88D0-48C8-B836-D9C49099C25D}.Release|iPhone.Build.0 = Release|Any CPU
		{49C7829E-88D0-48C8-B836-D9C49099C25D}.Release|iPhone.Deploy.0 = Release|Any CPU
		{49C7829E-88D0-48C8-B836-D9C49099C25D}.Release|iPhoneSimulator.ActiveCfg = Release|Any CPU
		{49C7829E-88D0-48C8-B836-D9C49099C25D}.Release|iPhoneSimulator.Build.0 = Release|Any CPU
		{49C7829E-88D0-48C8-B836-D9C49099C25D}.Release|iPhoneSimulator.Deploy.0 = Release|Any CPU
		{49C7829E-88D0-48C8-B836-D9C49099C25D}.Release|x64.ActiveCfg = Release|Any CPU
		{49C7829E-88D0-48C8-B836-D9C49099C25D}.Release|x64.Build.0 = Release|Any CPU
		{49C7829E-88D0-48C8-B836-D9C49099C25D}.Release|x64.Deploy.0 = Release|Any CPU
		{49C7829E-88D0-48C8-B836-D9C49099C25D}.Release|x86.ActiveCfg = Release|Any CPU
		{49C7829E-88D0-48C8-B836-D9C49099C25D}.Release|x86.Build.0 = Release|Any CPU
		{49C7829E-88D0-48C8-B836-D9C49099C25D}.Release|x86.Deploy.0 = Release|Any CPU
	EndGlobalSection
	GlobalSection(SolutionProperties) = preSolution
		HideSolutionNode = FALSE
	EndGlobalSection
	GlobalSection(ExtensibilityGlobals) = postSolution
		SolutionGuid = {68CD06BC-E118-4519-99F0-987BEE20F666}
	EndGlobalSection
EndGlobal
